// !$*UTF8*$!
{
	archiveVersion = 1;
	classes = {
	};
	objectVersion = 48;
	objects = {

/* Begin PBXBuildFile section */
		E6C4AE24808BB0AEA37EEDC3 /* libPods-RecruitmentEnterPrise.a in Frameworks */ = {isa = PBXBuildFile; fileRef = 081C55AF243CD84220CE9F5D /* libPods-RecruitmentEnterPrise.a */; };
		F705A7DA1F9488C500298D57 /* ReleaseJobVC.m in Sources */ = {isa = PBXBuildFile; fileRef = F705A7D91F9488C500298D57 /* ReleaseJobVC.m */; };
		F705A7DD1F9488EE00298D57 /* ReleaseJobCell.m in Sources */ = {isa = PBXBuildFile; fileRef = F705A7DC1F9488EE00298D57 /* ReleaseJobCell.m */; };
		F705A7E01F948EC200298D57 /* ReleaseJobModel.m in Sources */ = {isa = PBXBuildFile; fileRef = F705A7DF1F948EC200298D57 /* ReleaseJobModel.m */; };
		F705A7E31F94985500298D57 /* BasePresentViewController.m in Sources */ = {isa = PBXBuildFile; fileRef = F705A7E21F94985500298D57 /* BasePresentViewController.m */; };
		F71C04291F9839690024C1EC /* ChatWantedVC.m in Sources */ = {isa = PBXBuildFile; fileRef = F71C04281F9839690024C1EC /* ChatWantedVC.m */; };
		F71C042C1F983ABD0024C1EC /* ChatWantedCell.m in Sources */ = {isa = PBXBuildFile; fileRef = F71C042B1F983ABD0024C1EC /* ChatWantedCell.m */; };
		F71C043A1F98793C0024C1EC /* SettingVC.m in Sources */ = {isa = PBXBuildFile; fileRef = F71C04391F98793C0024C1EC /* SettingVC.m */; };
		F71C043D1F988C450024C1EC /* OtherVC.m in Sources */ = {isa = PBXBuildFile; fileRef = F71C043C1F988C450024C1EC /* OtherVC.m */; };
		F71C04461F98A5A80024C1EC /* ChangeInfoVC.m in Sources */ = {isa = PBXBuildFile; fileRef = F71C04451F98A5A80024C1EC /* ChangeInfoVC.m */; };
		F71C04491F98A8790024C1EC /* ContactManageVC.m in Sources */ = {isa = PBXBuildFile; fileRef = F71C04481F98A8790024C1EC /* ContactManageVC.m */; };
		F71C044C1F98A8AB0024C1EC /* ContactManageCell.m in Sources */ = {isa = PBXBuildFile; fileRef = F71C044B1F98A8AB0024C1EC /* ContactManageCell.m */; };
		F74820491F91FCCA00F072CD /* AppDelegate.m in Sources */ = {isa = PBXBuildFile; fileRef = F74820481F91FCCA00F072CD /* AppDelegate.m */; };
		F748204F1F91FCCA00F072CD /* Main.storyboard in Resources */ = {isa = PBXBuildFile; fileRef = F748204D1F91FCCA00F072CD /* Main.storyboard */; };
		F74820511F91FCCA00F072CD /* Assets.xcassets in Resources */ = {isa = PBXBuildFile; fileRef = F74820501F91FCCA00F072CD /* Assets.xcassets */; };
		F74820541F91FCCA00F072CD /* LaunchScreen.storyboard in Resources */ = {isa = PBXBuildFile; fileRef = F74820521F91FCCA00F072CD /* LaunchScreen.storyboard */; };
		F74820571F91FCCA00F072CD /* main.m in Sources */ = {isa = PBXBuildFile; fileRef = F74820561F91FCCA00F072CD /* main.m */; };
		F74820611F91FCCA00F072CD /* RecruitmentEnterPriseTests.m in Sources */ = {isa = PBXBuildFile; fileRef = F74820601F91FCCA00F072CD /* RecruitmentEnterPriseTests.m */; };
		F748206C1F91FCCA00F072CD /* RecruitmentEnterPriseUITests.m in Sources */ = {isa = PBXBuildFile; fileRef = F748206B1F91FCCA00F072CD /* RecruitmentEnterPriseUITests.m */; };
		F74820C31F91FE8B00F072CD /* BRAddressModel.m in Sources */ = {isa = PBXBuildFile; fileRef = F748207D1F91FE8A00F072CD /* BRAddressModel.m */; };
		F74820C41F91FE8B00F072CD /* BRAddressPickerView.m in Sources */ = {isa = PBXBuildFile; fileRef = F748207F1F91FE8A00F072CD /* BRAddressPickerView.m */; };
		F74820C51F91FE8B00F072CD /* BRCity.plist in Resources */ = {isa = PBXBuildFile; fileRef = F74820801F91FE8A00F072CD /* BRCity.plist */; };
		F74820C61F91FE8B00F072CD /* BaseView.m in Sources */ = {isa = PBXBuildFile; fileRef = F74820831F91FE8A00F072CD /* BaseView.m */; };
		F74820C71F91FE8B00F072CD /* BRDatePickerView.m in Sources */ = {isa = PBXBuildFile; fileRef = F74820871F91FE8A00F072CD /* BRDatePickerView.m */; };
		F74820C81F91FE8B00F072CD /* NSDate+BRAdd.m in Sources */ = {isa = PBXBuildFile; fileRef = F74820891F91FE8A00F072CD /* NSDate+BRAdd.m */; };
		F74820C91F91FE8B00F072CD /* BRStringPickerView.m in Sources */ = {isa = PBXBuildFile; fileRef = F748208C1F91FE8A00F072CD /* BRStringPickerView.m */; };
		F74820CA1F91FE8B00F072CD /* InfoCache.m in Sources */ = {isa = PBXBuildFile; fileRef = F74820901F91FE8A00F072CD /* InfoCache.m */; };
		F74820CE1F91FE8B00F072CD /* RegexTool.m in Sources */ = {isa = PBXBuildFile; fileRef = F74820991F91FE8A00F072CD /* RegexTool.m */; };
		F74820D61F91FE8B00F072CD /* UIView+Toast.m in Sources */ = {isa = PBXBuildFile; fileRef = F74820AC1F91FE8A00F072CD /* UIView+Toast.m */; };
		F74820D81F91FE8B00F072CD /* NSStringExt.m in Sources */ = {isa = PBXBuildFile; fileRef = F74820B01F91FE8A00F072CD /* NSStringExt.m */; };
		F74820D91F91FE8B00F072CD /* UITableView+EmptyData.m in Sources */ = {isa = PBXBuildFile; fileRef = F74820B31F91FE8A00F072CD /* UITableView+EmptyData.m */; };
		F74820DA1F91FE8B00F072CD /* UIImage+UIImageExt.m in Sources */ = {isa = PBXBuildFile; fileRef = F74820B51F91FE8A00F072CD /* UIImage+UIImageExt.m */; };
		F74820DB1F91FE8B00F072CD /* UIViewController+UIViewControllerExt.m in Sources */ = {isa = PBXBuildFile; fileRef = F74820B71F91FE8A00F072CD /* UIViewController+UIViewControllerExt.m */; };
		F74820DC1F91FE8B00F072CD /* UIViewExt.m in Sources */ = {isa = PBXBuildFile; fileRef = F74820B91F91FE8A00F072CD /* UIViewExt.m */; };
		F74820DD1F91FE8B00F072CD /* UIColor+Expend.m in Sources */ = {isa = PBXBuildFile; fileRef = F74820BC1F91FE8A00F072CD /* UIColor+Expend.m */; };
		F74820DE1F91FE8B00F072CD /* ZXPUnicode.m in Sources */ = {isa = PBXBuildFile; fileRef = F74820BF1F91FE8A00F072CD /* ZXPUnicode.m */; };
		F74F989B1FA027D20027C418 /* CompanyintroduceVC.m in Sources */ = {isa = PBXBuildFile; fileRef = F74F989A1FA027D20027C418 /* CompanyintroduceVC.m */; };
		F74F989E1FA057120027C418 /* UILabel+WLAttributedString.m in Sources */ = {isa = PBXBuildFile; fileRef = F74F989D1FA057120027C418 /* UILabel+WLAttributedString.m */; };
		F74F98A11FA069470027C418 /* ForgetPasswordVC.m in Sources */ = {isa = PBXBuildFile; fileRef = F74F98A01FA069470027C418 /* ForgetPasswordVC.m */; };
		F74F98A41FA07CDB0027C418 /* CountDownServer.m in Sources */ = {isa = PBXBuildFile; fileRef = F74F98A31FA07CDB0027C418 /* CountDownServer.m */; };
		F756477F1F9986460060E744 /* AddContactVC.m in Sources */ = {isa = PBXBuildFile; fileRef = F756477E1F9986460060E744 /* AddContactVC.m */; };
		F75647821F99865A0060E744 /* AddContactCell.m in Sources */ = {isa = PBXBuildFile; fileRef = F75647811F99865A0060E744 /* AddContactCell.m */; };
		F75647851F998A0E0060E744 /* AddContactModel.m in Sources */ = {isa = PBXBuildFile; fileRef = F75647841F998A0E0060E744 /* AddContactModel.m */; };
		F75647881F9993960060E744 /* ChangePasswordVC.m in Sources */ = {isa = PBXBuildFile; fileRef = F75647871F9993960060E744 /* ChangePasswordVC.m */; };
		F756478B1F9997F40060E744 /* CountMessageVC.m in Sources */ = {isa = PBXBuildFile; fileRef = F756478A1F9997F40060E744 /* CountMessageVC.m */; };
		F756478E1F999E140060E744 /* BaseMessageVC.m in Sources */ = {isa = PBXBuildFile; fileRef = F756478D1F999E140060E744 /* BaseMessageVC.m */; };
		F75647911F99BC490060E744 /* EditHeadImgVC.m in Sources */ = {isa = PBXBuildFile; fileRef = F75647901F99BC490060E744 /* EditHeadImgVC.m */; };
		F75647941F99C2C40060E744 /* CompanyDetailVC.m in Sources */ = {isa = PBXBuildFile; fileRef = F75647921F99C2C40060E744 /* CompanyDetailVC.m */; };
		F75647971F99C3060060E744 /* JobDetailCell.m in Sources */ = {isa = PBXBuildFile; fileRef = F75647951F99C3060060E744 /* JobDetailCell.m */; };
		F756479A1F99C3920060E744 /* JobModel.m in Sources */ = {isa = PBXBuildFile; fileRef = F75647981F99C3920060E744 /* JobModel.m */; };
		F75BA9301F9AD1B00083E448 /* ZFShareView.m in Sources */ = {isa = PBXBuildFile; fileRef = F75BA92D1F9AD1B00083E448 /* ZFShareView.m */; };
		F75BA9311F9AD1B00083E448 /* ZFTableViewCell.m in Sources */ = {isa = PBXBuildFile; fileRef = F75BA92F1F9AD1B00083E448 /* ZFTableViewCell.m */; };
		F75BD65C1F947F2B00433133 /* CDTabBar.m in Sources */ = {isa = PBXBuildFile; fileRef = F75BD65B1F947F2A00433133 /* CDTabBar.m */; };
		F75BD65F1F94866800433133 /* ReleaseJob1VC.m in Sources */ = {isa = PBXBuildFile; fileRef = F75BD65E1F94866800433133 /* ReleaseJob1VC.m */; };
		F75EB6761F96E94C00CBCA7C /* InviteInterviewRecordVC.m in Sources */ = {isa = PBXBuildFile; fileRef = F75EB6751F96E94C00CBCA7C /* InviteInterviewRecordVC.m */; };
		F75EB6791F96EC2200CBCA7C /* WordsVC.m in Sources */ = {isa = PBXBuildFile; fileRef = F75EB6781F96EC2200CBCA7C /* WordsVC.m */; };
		F75EB67C1F96F61500CBCA7C /* MyMailboxVC.m in Sources */ = {isa = PBXBuildFile; fileRef = F75EB67B1F96F61500CBCA7C /* MyMailboxVC.m */; };
		F75EB67F1F96F62E00CBCA7C /* ReceiveMsgVC.m in Sources */ = {isa = PBXBuildFile; fileRef = F75EB67E1F96F62E00CBCA7C /* ReceiveMsgVC.m */; };
		F75EB6821F96F64100CBCA7C /* SendMsgVC.m in Sources */ = {isa = PBXBuildFile; fileRef = F75EB6811F96F64100CBCA7C /* SendMsgVC.m */; };
		F75EB6851F96F9A100CBCA7C /* ReceiveMsgCell.m in Sources */ = {isa = PBXBuildFile; fileRef = F75EB6841F96F9A100CBCA7C /* ReceiveMsgCell.m */; };
		F75EB6881F9722CC00CBCA7C /* ResumeSearchVC.m in Sources */ = {isa = PBXBuildFile; fileRef = F75EB6871F9722CC00CBCA7C /* ResumeSearchVC.m */; };
		F765129B1F9EEA1600BF80D9 /* NearbyAddressCell.m in Sources */ = {isa = PBXBuildFile; fileRef = F765129A1F9EEA1600BF80D9 /* NearbyAddressCell.m */; };
		F765129E1F9F0BB100BF80D9 /* AddressSearchVC.m in Sources */ = {isa = PBXBuildFile; fileRef = F765129D1F9F0BB100BF80D9 /* AddressSearchVC.m */; };
		F766D8ED1F958D43004C74F0 /* JobCell.m in Sources */ = {isa = PBXBuildFile; fileRef = F766D8EC1F958D43004C74F0 /* JobCell.m */; };
		F766D8FE1F95A111004C74F0 /* JobManageVC.m in Sources */ = {isa = PBXBuildFile; fileRef = F766D8FD1F95A111004C74F0 /* JobManageVC.m */; };
		F766D91A1F95AA99004C74F0 /* MJCChildMainView.m in Sources */ = {isa = PBXBuildFile; fileRef = F766D9021F95AA98004C74F0 /* MJCChildMainView.m */; };
		F766D91B1F95AA99004C74F0 /* MJCIndicatorView.m in Sources */ = {isa = PBXBuildFile; fileRef = F766D9041F95AA98004C74F0 /* MJCIndicatorView.m */; };
		F766D91C1F95AA99004C74F0 /* MJCTabItem.m in Sources */ = {isa = PBXBuildFile; fileRef = F766D9061F95AA98004C74F0 /* MJCTabItem.m */; };
		F766D91D1F95AA99004C74F0 /* MJCTitlesView.m in Sources */ = {isa = PBXBuildFile; fileRef = F766D9081F95AA98004C74F0 /* MJCTitlesView.m */; };
		F766D91E1F95AA99004C74F0 /* MJCAlertMessage.m in Sources */ = {isa = PBXBuildFile; fileRef = F766D90B1F95AA98004C74F0 /* MJCAlertMessage.m */; };
		F766D91F1F95AA99004C74F0 /* MJCCommonTools.m in Sources */ = {isa = PBXBuildFile; fileRef = F766D90D1F95AA98004C74F0 /* MJCCommonTools.m */; };
		F766D9201F95AA99004C74F0 /* MJCOrdinaryLayout.m in Sources */ = {isa = PBXBuildFile; fileRef = F766D90F1F95AA98004C74F0 /* MJCOrdinaryLayout.m */; };
		F766D9211F95AA99004C74F0 /* UIButton+MJCClassExtension.m in Sources */ = {isa = PBXBuildFile; fileRef = F766D9111F95AA98004C74F0 /* UIButton+MJCClassExtension.m */; };
		F766D9221F95AA99004C74F0 /* UIColor+MJCClassExtension.m in Sources */ = {isa = PBXBuildFile; fileRef = F766D9131F95AA98004C74F0 /* UIColor+MJCClassExtension.m */; };
		F766D9231F95AA99004C74F0 /* UILabel+MJCClassExtension.m in Sources */ = {isa = PBXBuildFile; fileRef = F766D9151F95AA98004C74F0 /* UILabel+MJCClassExtension.m */; };
		F766D9241F95AA99004C74F0 /* UIView+MJCClassExtension.m in Sources */ = {isa = PBXBuildFile; fileRef = F766D9171F95AA98004C74F0 /* UIView+MJCClassExtension.m */; };
		F766D9251F95AA99004C74F0 /* MJCSegmentInterface.m in Sources */ = {isa = PBXBuildFile; fileRef = F766D9191F95AA98004C74F0 /* MJCSegmentInterface.m */; };
		F766D9281F95AABF004C74F0 /* ResumeReceiveVC.m in Sources */ = {isa = PBXBuildFile; fileRef = F766D9271F95AABF004C74F0 /* ResumeReceiveVC.m */; };
		F766D92B1F95AB02004C74F0 /* ResumeCheckedVC.m in Sources */ = {isa = PBXBuildFile; fileRef = F766D92A1F95AB02004C74F0 /* ResumeCheckedVC.m */; };
		F766D92E1F95AB1D004C74F0 /* ResumeLookedVC.m in Sources */ = {isa = PBXBuildFile; fileRef = F766D92D1F95AB1D004C74F0 /* ResumeLookedVC.m */; };
		F766D9311F95AB2C004C74F0 /* ResumeCollectionVC.m in Sources */ = {isa = PBXBuildFile; fileRef = F766D9301F95AB2C004C74F0 /* ResumeCollectionVC.m */; };
		F766D93A1F95C880004C74F0 /* ResumeManageVC.m in Sources */ = {isa = PBXBuildFile; fileRef = F766D9391F95C880004C74F0 /* ResumeManageVC.m */; };
		F766D93D1F95CBE2004C74F0 /* ResumeReceiveCell.m in Sources */ = {isa = PBXBuildFile; fileRef = F766D93C1F95CBE2004C74F0 /* ResumeReceiveCell.m */; };
		F766D9441F95E405004C74F0 /* RegisterVC.m in Sources */ = {isa = PBXBuildFile; fileRef = F766D9421F95E405004C74F0 /* RegisterVC.m */; };
		F766D9471F95E413004C74F0 /* LoginVC.m in Sources */ = {isa = PBXBuildFile; fileRef = F766D9461F95E413004C74F0 /* LoginVC.m */; };
		F766D94A1F95F597004C74F0 /* PersonalMessageCell.m in Sources */ = {isa = PBXBuildFile; fileRef = F766D9481F95F597004C74F0 /* PersonalMessageCell.m */; };
		F766D94D1F95F9C4004C74F0 /* PersonalMessageVC.m in Sources */ = {isa = PBXBuildFile; fileRef = F766D94C1F95F9C4004C74F0 /* PersonalMessageVC.m */; };
		F76AD85D1F973E9E00BA88D3 /* HotJobCell.m in Sources */ = {isa = PBXBuildFile; fileRef = F76AD85B1F973E9E00BA88D3 /* HotJobCell.m */; };
		F76AD8601F97403400BA88D3 /* PlaceView.m in Sources */ = {isa = PBXBuildFile; fileRef = F76AD85F1F97403400BA88D3 /* PlaceView.m */; };
		F76AD8631F97452500BA88D3 /* SearchUITableView.m in Sources */ = {isa = PBXBuildFile; fileRef = F76AD8621F97452500BA88D3 /* SearchUITableView.m */; };
		F76AD8661F97515700BA88D3 /* ResumeSearchResultVC.m in Sources */ = {isa = PBXBuildFile; fileRef = F76AD8651F97515700BA88D3 /* ResumeSearchResultVC.m */; };
		F76AD8691F97520500BA88D3 /* ResumeSearchResultCell.m in Sources */ = {isa = PBXBuildFile; fileRef = F76AD8681F97520500BA88D3 /* ResumeSearchResultCell.m */; };
		F78870FA1F9D84AA008CDD52 /* InviteInterviewVC.m in Sources */ = {isa = PBXBuildFile; fileRef = F78870F91F9D84AA008CDD52 /* InviteInterviewVC.m */; };
		F78871001F9D8D0D008CDD52 /* InviteInterviewCell.m in Sources */ = {isa = PBXBuildFile; fileRef = F78870FF1F9D8D0D008CDD52 /* InviteInterviewCell.m */; };
		F78871041F9DB32C008CDD52 /* ContactModel.m in Sources */ = {isa = PBXBuildFile; fileRef = F78871031F9DB32C008CDD52 /* ContactModel.m */; };
		F78871071F9DD959008CDD52 /* CompanyAddressVC.m in Sources */ = {isa = PBXBuildFile; fileRef = F78871061F9DD959008CDD52 /* CompanyAddressVC.m */; };
		F78D93751F9204B800E0DCA9 /* AFNetworking_RequestData.m in Sources */ = {isa = PBXBuildFile; fileRef = F78D93741F9204B800E0DCA9 /* AFNetworking_RequestData.m */; };
		F78D93781F9204F400E0DCA9 /* PersonModel.m in Sources */ = {isa = PBXBuildFile; fileRef = F78D93761F9204F200E0DCA9 /* PersonModel.m */; };
		F78D93861F92064A00E0DCA9 /* NavigationController.m in Sources */ = {isa = PBXBuildFile; fileRef = F78D93801F92064400E0DCA9 /* NavigationController.m */; };
		F78D93871F92064A00E0DCA9 /* TabBarController.m in Sources */ = {isa = PBXBuildFile; fileRef = F78D93821F92064600E0DCA9 /* TabBarController.m */; };
		F78D93881F92064A00E0DCA9 /* BaseViewController.m in Sources */ = {isa = PBXBuildFile; fileRef = F78D93831F92064800E0DCA9 /* BaseViewController.m */; };
		F78D938B1F92067900E0DCA9 /* HomeVC.m in Sources */ = {isa = PBXBuildFile; fileRef = F78D938A1F92067900E0DCA9 /* HomeVC.m */; };
		F78D93911F92069D00E0DCA9 /* ResumeManage1VC.m in Sources */ = {isa = PBXBuildFile; fileRef = F78D93901F92069D00E0DCA9 /* ResumeManage1VC.m */; };
		F78D93941F9206A700E0DCA9 /* ChatVC.m in Sources */ = {isa = PBXBuildFile; fileRef = F78D93931F9206A700E0DCA9 /* ChatVC.m */; };
/* End PBXBuildFile section */

/* Begin PBXContainerItemProxy section */
		F748205D1F91FCCA00F072CD /* PBXContainerItemProxy */ = {
			isa = PBXContainerItemProxy;
			containerPortal = F748203C1F91FCCA00F072CD /* Project object */;
			proxyType = 1;
			remoteGlobalIDString = F74820431F91FCCA00F072CD;
			remoteInfo = RecruitmentEnterPrise;
		};
		F74820681F91FCCA00F072CD /* PBXContainerItemProxy */ = {
			isa = PBXContainerItemProxy;
			containerPortal = F748203C1F91FCCA00F072CD /* Project object */;
			proxyType = 1;
			remoteGlobalIDString = F74820431F91FCCA00F072CD;
			remoteInfo = RecruitmentEnterPrise;
		};
/* End PBXContainerItemProxy section */

/* Begin PBXFileReference section */
		081C55AF243CD84220CE9F5D /* libPods-RecruitmentEnterPrise.a */ = {isa = PBXFileReference; explicitFileType = archive.ar; includeInIndex = 0; path = "libPods-RecruitmentEnterPrise.a"; sourceTree = BUILT_PRODUCTS_DIR; };
		ED42DDDA9E94D49555C9D932 /* Pods-RecruitmentEnterPrise.debug.xcconfig */ = {isa = PBXFileReference; includeInIndex = 1; lastKnownFileType = text.xcconfig; name = "Pods-RecruitmentEnterPrise.debug.xcconfig"; path = "Pods/Target Support Files/Pods-RecruitmentEnterPrise/Pods-RecruitmentEnterPrise.debug.xcconfig"; sourceTree = "<group>"; };
		EED2D2ECB8E0F197D3396C4F /* Pods-RecruitmentEnterPrise.release.xcconfig */ = {isa = PBXFileReference; includeInIndex = 1; lastKnownFileType = text.xcconfig; name = "Pods-RecruitmentEnterPrise.release.xcconfig"; path = "Pods/Target Support Files/Pods-RecruitmentEnterPrise/Pods-RecruitmentEnterPrise.release.xcconfig"; sourceTree = "<group>"; };
		F705A7D81F9488C500298D57 /* ReleaseJobVC.h */ = {isa = PBXFileReference; lastKnownFileType = sourcecode.c.h; path = ReleaseJobVC.h; sourceTree = "<group>"; };
		F705A7D91F9488C500298D57 /* ReleaseJobVC.m */ = {isa = PBXFileReference; lastKnownFileType = sourcecode.c.objc; path = ReleaseJobVC.m; sourceTree = "<group>"; };
		F705A7DB1F9488EE00298D57 /* ReleaseJobCell.h */ = {isa = PBXFileReference; lastKnownFileType = sourcecode.c.h; path = ReleaseJobCell.h; sourceTree = "<group>"; };
		F705A7DC1F9488EE00298D57 /* ReleaseJobCell.m */ = {isa = PBXFileReference; lastKnownFileType = sourcecode.c.objc; path = ReleaseJobCell.m; sourceTree = "<group>"; };
		F705A7DE1F948EC200298D57 /* ReleaseJobModel.h */ = {isa = PBXFileReference; lastKnownFileType = sourcecode.c.h; path = ReleaseJobModel.h; sourceTree = "<group>"; };
		F705A7DF1F948EC200298D57 /* ReleaseJobModel.m */ = {isa = PBXFileReference; lastKnownFileType = sourcecode.c.objc; path = ReleaseJobModel.m; sourceTree = "<group>"; };
		F705A7E11F94985500298D57 /* BasePresentViewController.h */ = {isa = PBXFileReference; lastKnownFileType = sourcecode.c.h; path = BasePresentViewController.h; sourceTree = "<group>"; };
		F705A7E21F94985500298D57 /* BasePresentViewController.m */ = {isa = PBXFileReference; lastKnownFileType = sourcecode.c.objc; path = BasePresentViewController.m; sourceTree = "<group>"; };
		F71C04271F9839690024C1EC /* ChatWantedVC.h */ = {isa = PBXFileReference; lastKnownFileType = sourcecode.c.h; path = ChatWantedVC.h; sourceTree = "<group>"; };
		F71C04281F9839690024C1EC /* ChatWantedVC.m */ = {isa = PBXFileReference; lastKnownFileType = sourcecode.c.objc; path = ChatWantedVC.m; sourceTree = "<group>"; };
		F71C042A1F983ABD0024C1EC /* ChatWantedCell.h */ = {isa = PBXFileReference; lastKnownFileType = sourcecode.c.h; path = ChatWantedCell.h; sourceTree = "<group>"; };
		F71C042B1F983ABD0024C1EC /* ChatWantedCell.m */ = {isa = PBXFileReference; lastKnownFileType = sourcecode.c.objc; path = ChatWantedCell.m; sourceTree = "<group>"; };
		F71C04381F98793C0024C1EC /* SettingVC.h */ = {isa = PBXFileReference; lastKnownFileType = sourcecode.c.h; path = SettingVC.h; sourceTree = "<group>"; };
		F71C04391F98793C0024C1EC /* SettingVC.m */ = {isa = PBXFileReference; lastKnownFileType = sourcecode.c.objc; path = SettingVC.m; sourceTree = "<group>"; };
		F71C043B1F988C450024C1EC /* OtherVC.h */ = {isa = PBXFileReference; lastKnownFileType = sourcecode.c.h; path = OtherVC.h; sourceTree = "<group>"; };
		F71C043C1F988C450024C1EC /* OtherVC.m */ = {isa = PBXFileReference; lastKnownFileType = sourcecode.c.objc; path = OtherVC.m; sourceTree = "<group>"; };
		F71C04441F98A5A80024C1EC /* ChangeInfoVC.h */ = {isa = PBXFileReference; lastKnownFileType = sourcecode.c.h; path = ChangeInfoVC.h; sourceTree = "<group>"; };
		F71C04451F98A5A80024C1EC /* ChangeInfoVC.m */ = {isa = PBXFileReference; lastKnownFileType = sourcecode.c.objc; path = ChangeInfoVC.m; sourceTree = "<group>"; };
		F71C04471F98A8790024C1EC /* ContactManageVC.h */ = {isa = PBXFileReference; lastKnownFileType = sourcecode.c.h; path = ContactManageVC.h; sourceTree = "<group>"; };
		F71C04481F98A8790024C1EC /* ContactManageVC.m */ = {isa = PBXFileReference; lastKnownFileType = sourcecode.c.objc; path = ContactManageVC.m; sourceTree = "<group>"; };
		F71C044A1F98A8AB0024C1EC /* ContactManageCell.h */ = {isa = PBXFileReference; lastKnownFileType = sourcecode.c.h; path = ContactManageCell.h; sourceTree = "<group>"; };
		F71C044B1F98A8AB0024C1EC /* ContactManageCell.m */ = {isa = PBXFileReference; lastKnownFileType = sourcecode.c.objc; path = ContactManageCell.m; sourceTree = "<group>"; };
		F74820441F91FCCA00F072CD /* RecruitmentEnterPrise.app */ = {isa = PBXFileReference; explicitFileType = wrapper.application; includeInIndex = 0; path = RecruitmentEnterPrise.app; sourceTree = BUILT_PRODUCTS_DIR; };
		F74820471F91FCCA00F072CD /* AppDelegate.h */ = {isa = PBXFileReference; lastKnownFileType = sourcecode.c.h; path = AppDelegate.h; sourceTree = "<group>"; };
		F74820481F91FCCA00F072CD /* AppDelegate.m */ = {isa = PBXFileReference; lastKnownFileType = sourcecode.c.objc; path = AppDelegate.m; sourceTree = "<group>"; };
		F748204E1F91FCCA00F072CD /* Base */ = {isa = PBXFileReference; lastKnownFileType = file.storyboard; name = Base; path = Base.lproj/Main.storyboard; sourceTree = "<group>"; };
		F74820501F91FCCA00F072CD /* Assets.xcassets */ = {isa = PBXFileReference; lastKnownFileType = folder.assetcatalog; path = Assets.xcassets; sourceTree = "<group>"; };
		F74820531F91FCCA00F072CD /* Base */ = {isa = PBXFileReference; lastKnownFileType = file.storyboard; name = Base; path = Base.lproj/LaunchScreen.storyboard; sourceTree = "<group>"; };
		F74820551F91FCCA00F072CD /* Info.plist */ = {isa = PBXFileReference; lastKnownFileType = text.plist.xml; path = Info.plist; sourceTree = "<group>"; };
		F74820561F91FCCA00F072CD /* main.m */ = {isa = PBXFileReference; lastKnownFileType = sourcecode.c.objc; path = main.m; sourceTree = "<group>"; };
		F748205C1F91FCCA00F072CD /* RecruitmentEnterPriseTests.xctest */ = {isa = PBXFileReference; explicitFileType = wrapper.cfbundle; includeInIndex = 0; path = RecruitmentEnterPriseTests.xctest; sourceTree = BUILT_PRODUCTS_DIR; };
		F74820601F91FCCA00F072CD /* RecruitmentEnterPriseTests.m */ = {isa = PBXFileReference; lastKnownFileType = sourcecode.c.objc; path = RecruitmentEnterPriseTests.m; sourceTree = "<group>"; };
		F74820621F91FCCA00F072CD /* Info.plist */ = {isa = PBXFileReference; lastKnownFileType = text.plist.xml; path = Info.plist; sourceTree = "<group>"; };
		F74820671F91FCCA00F072CD /* RecruitmentEnterPriseUITests.xctest */ = {isa = PBXFileReference; explicitFileType = wrapper.cfbundle; includeInIndex = 0; path = RecruitmentEnterPriseUITests.xctest; sourceTree = BUILT_PRODUCTS_DIR; };
		F748206B1F91FCCA00F072CD /* RecruitmentEnterPriseUITests.m */ = {isa = PBXFileReference; lastKnownFileType = sourcecode.c.objc; path = RecruitmentEnterPriseUITests.m; sourceTree = "<group>"; };
		F748206D1F91FCCA00F072CD /* Info.plist */ = {isa = PBXFileReference; lastKnownFileType = text.plist.xml; path = Info.plist; sourceTree = "<group>"; };
		F748207C1F91FE8A00F072CD /* BRAddressModel.h */ = {isa = PBXFileReference; fileEncoding = 4; lastKnownFileType = sourcecode.c.h; path = BRAddressModel.h; sourceTree = "<group>"; };
		F748207D1F91FE8A00F072CD /* BRAddressModel.m */ = {isa = PBXFileReference; fileEncoding = 4; lastKnownFileType = sourcecode.c.objc; path = BRAddressModel.m; sourceTree = "<group>"; };
		F748207E1F91FE8A00F072CD /* BRAddressPickerView.h */ = {isa = PBXFileReference; fileEncoding = 4; lastKnownFileType = sourcecode.c.h; path = BRAddressPickerView.h; sourceTree = "<group>"; };
		F748207F1F91FE8A00F072CD /* BRAddressPickerView.m */ = {isa = PBXFileReference; fileEncoding = 4; lastKnownFileType = sourcecode.c.objc; path = BRAddressPickerView.m; sourceTree = "<group>"; };
		F74820801F91FE8A00F072CD /* BRCity.plist */ = {isa = PBXFileReference; fileEncoding = 4; lastKnownFileType = text.plist.xml; path = BRCity.plist; sourceTree = "<group>"; };
		F74820821F91FE8A00F072CD /* BaseView.h */ = {isa = PBXFileReference; fileEncoding = 4; lastKnownFileType = sourcecode.c.h; path = BaseView.h; sourceTree = "<group>"; };
		F74820831F91FE8A00F072CD /* BaseView.m */ = {isa = PBXFileReference; fileEncoding = 4; lastKnownFileType = sourcecode.c.objc; path = BaseView.m; sourceTree = "<group>"; };
		F74820841F91FE8A00F072CD /* BRPickerView.h */ = {isa = PBXFileReference; fileEncoding = 4; lastKnownFileType = sourcecode.c.h; path = BRPickerView.h; sourceTree = "<group>"; };
		F74820861F91FE8A00F072CD /* BRDatePickerView.h */ = {isa = PBXFileReference; fileEncoding = 4; lastKnownFileType = sourcecode.c.h; path = BRDatePickerView.h; sourceTree = "<group>"; };
		F74820871F91FE8A00F072CD /* BRDatePickerView.m */ = {isa = PBXFileReference; fileEncoding = 4; lastKnownFileType = sourcecode.c.objc; path = BRDatePickerView.m; sourceTree = "<group>"; };
		F74820881F91FE8A00F072CD /* NSDate+BRAdd.h */ = {isa = PBXFileReference; fileEncoding = 4; lastKnownFileType = sourcecode.c.h; path = "NSDate+BRAdd.h"; sourceTree = "<group>"; };
		F74820891F91FE8A00F072CD /* NSDate+BRAdd.m */ = {isa = PBXFileReference; fileEncoding = 4; lastKnownFileType = sourcecode.c.objc; path = "NSDate+BRAdd.m"; sourceTree = "<group>"; };
		F748208B1F91FE8A00F072CD /* BRStringPickerView.h */ = {isa = PBXFileReference; fileEncoding = 4; lastKnownFileType = sourcecode.c.h; path = BRStringPickerView.h; sourceTree = "<group>"; };
		F748208C1F91FE8A00F072CD /* BRStringPickerView.m */ = {isa = PBXFileReference; fileEncoding = 4; lastKnownFileType = sourcecode.c.objc; path = BRStringPickerView.m; sourceTree = "<group>"; };
		F748208F1F91FE8A00F072CD /* InfoCache.h */ = {isa = PBXFileReference; fileEncoding = 4; lastKnownFileType = sourcecode.c.h; path = InfoCache.h; sourceTree = "<group>"; };
		F74820901F91FE8A00F072CD /* InfoCache.m */ = {isa = PBXFileReference; fileEncoding = 4; lastKnownFileType = sourcecode.c.objc; path = InfoCache.m; sourceTree = "<group>"; };
		F74820981F91FE8A00F072CD /* RegexTool.h */ = {isa = PBXFileReference; fileEncoding = 4; lastKnownFileType = sourcecode.c.h; path = RegexTool.h; sourceTree = "<group>"; };
		F74820991F91FE8A00F072CD /* RegexTool.m */ = {isa = PBXFileReference; fileEncoding = 4; lastKnownFileType = sourcecode.c.objc; path = RegexTool.m; sourceTree = "<group>"; };
		F74820AB1F91FE8A00F072CD /* UIView+Toast.h */ = {isa = PBXFileReference; fileEncoding = 4; lastKnownFileType = sourcecode.c.h; path = "UIView+Toast.h"; sourceTree = "<group>"; };
		F74820AC1F91FE8A00F072CD /* UIView+Toast.m */ = {isa = PBXFileReference; fileEncoding = 4; lastKnownFileType = sourcecode.c.objc; path = "UIView+Toast.m"; sourceTree = "<group>"; };
		F74820AF1F91FE8A00F072CD /* NSStringExt.h */ = {isa = PBXFileReference; fileEncoding = 4; lastKnownFileType = sourcecode.c.h; path = NSStringExt.h; sourceTree = "<group>"; };
		F74820B01F91FE8A00F072CD /* NSStringExt.m */ = {isa = PBXFileReference; fileEncoding = 4; lastKnownFileType = sourcecode.c.objc; path = NSStringExt.m; sourceTree = "<group>"; };
		F74820B21F91FE8A00F072CD /* UITableView+EmptyData.h */ = {isa = PBXFileReference; fileEncoding = 4; lastKnownFileType = sourcecode.c.h; path = "UITableView+EmptyData.h"; sourceTree = "<group>"; };
		F74820B31F91FE8A00F072CD /* UITableView+EmptyData.m */ = {isa = PBXFileReference; fileEncoding = 4; lastKnownFileType = sourcecode.c.objc; path = "UITableView+EmptyData.m"; sourceTree = "<group>"; };
		F74820B41F91FE8A00F072CD /* UIImage+UIImageExt.h */ = {isa = PBXFileReference; fileEncoding = 4; lastKnownFileType = sourcecode.c.h; path = "UIImage+UIImageExt.h"; sourceTree = "<group>"; };
		F74820B51F91FE8A00F072CD /* UIImage+UIImageExt.m */ = {isa = PBXFileReference; fileEncoding = 4; lastKnownFileType = sourcecode.c.objc; path = "UIImage+UIImageExt.m"; sourceTree = "<group>"; };
		F74820B61F91FE8A00F072CD /* UIViewController+UIViewControllerExt.h */ = {isa = PBXFileReference; fileEncoding = 4; lastKnownFileType = sourcecode.c.h; path = "UIViewController+UIViewControllerExt.h"; sourceTree = "<group>"; };
		F74820B71F91FE8A00F072CD /* UIViewController+UIViewControllerExt.m */ = {isa = PBXFileReference; fileEncoding = 4; lastKnownFileType = sourcecode.c.objc; path = "UIViewController+UIViewControllerExt.m"; sourceTree = "<group>"; };
		F74820B81F91FE8A00F072CD /* UIViewExt.h */ = {isa = PBXFileReference; fileEncoding = 4; lastKnownFileType = sourcecode.c.h; path = UIViewExt.h; sourceTree = "<group>"; };
		F74820B91F91FE8A00F072CD /* UIViewExt.m */ = {isa = PBXFileReference; fileEncoding = 4; lastKnownFileType = sourcecode.c.objc; path = UIViewExt.m; sourceTree = "<group>"; };
		F74820BB1F91FE8A00F072CD /* UIColor+Expend.h */ = {isa = PBXFileReference; fileEncoding = 4; lastKnownFileType = sourcecode.c.h; path = "UIColor+Expend.h"; sourceTree = "<group>"; };
		F74820BC1F91FE8A00F072CD /* UIColor+Expend.m */ = {isa = PBXFileReference; fileEncoding = 4; lastKnownFileType = sourcecode.c.objc; path = "UIColor+Expend.m"; sourceTree = "<group>"; };
		F74820BE1F91FE8A00F072CD /* ZXPUnicode.h */ = {isa = PBXFileReference; fileEncoding = 4; lastKnownFileType = sourcecode.c.h; path = ZXPUnicode.h; sourceTree = "<group>"; };
		F74820BF1F91FE8A00F072CD /* ZXPUnicode.m */ = {isa = PBXFileReference; fileEncoding = 4; lastKnownFileType = sourcecode.c.objc; path = ZXPUnicode.m; sourceTree = "<group>"; };
		F74820E01F9202CE00F072CD /* DefineFile.h */ = {isa = PBXFileReference; lastKnownFileType = sourcecode.c.h; path = DefineFile.h; sourceTree = "<group>"; };
		F74820E11F9202E100F072CD /* UrlFile.h */ = {isa = PBXFileReference; lastKnownFileType = sourcecode.c.h; path = UrlFile.h; sourceTree = "<group>"; };
		F74820E21F9202F400F072CD /* RecruitmentEnterPrise.pch */ = {isa = PBXFileReference; lastKnownFileType = sourcecode.c.h; path = RecruitmentEnterPrise.pch; sourceTree = "<group>"; };
		F74F98991FA027D20027C418 /* CompanyintroduceVC.h */ = {isa = PBXFileReference; lastKnownFileType = sourcecode.c.h; path = CompanyintroduceVC.h; sourceTree = "<group>"; };
		F74F989A1FA027D20027C418 /* CompanyintroduceVC.m */ = {isa = PBXFileReference; lastKnownFileType = sourcecode.c.objc; path = CompanyintroduceVC.m; sourceTree = "<group>"; };
		F74F989C1FA057110027C418 /* UILabel+WLAttributedString.h */ = {isa = PBXFileReference; lastKnownFileType = sourcecode.c.h; path = "UILabel+WLAttributedString.h"; sourceTree = "<group>"; };
		F74F989D1FA057120027C418 /* UILabel+WLAttributedString.m */ = {isa = PBXFileReference; lastKnownFileType = sourcecode.c.objc; path = "UILabel+WLAttributedString.m"; sourceTree = "<group>"; };
		F74F989F1FA069470027C418 /* ForgetPasswordVC.h */ = {isa = PBXFileReference; lastKnownFileType = sourcecode.c.h; path = ForgetPasswordVC.h; sourceTree = "<group>"; };
		F74F98A01FA069470027C418 /* ForgetPasswordVC.m */ = {isa = PBXFileReference; lastKnownFileType = sourcecode.c.objc; path = ForgetPasswordVC.m; sourceTree = "<group>"; };
		F74F98A21FA07CDB0027C418 /* CountDownServer.h */ = {isa = PBXFileReference; lastKnownFileType = sourcecode.c.h; path = CountDownServer.h; sourceTree = "<group>"; };
		F74F98A31FA07CDB0027C418 /* CountDownServer.m */ = {isa = PBXFileReference; lastKnownFileType = sourcecode.c.objc; path = CountDownServer.m; sourceTree = "<group>"; };
		F756477D1F9986460060E744 /* AddContactVC.h */ = {isa = PBXFileReference; lastKnownFileType = sourcecode.c.h; path = AddContactVC.h; sourceTree = "<group>"; };
		F756477E1F9986460060E744 /* AddContactVC.m */ = {isa = PBXFileReference; lastKnownFileType = sourcecode.c.objc; path = AddContactVC.m; sourceTree = "<group>"; };
		F75647801F99865A0060E744 /* AddContactCell.h */ = {isa = PBXFileReference; lastKnownFileType = sourcecode.c.h; path = AddContactCell.h; sourceTree = "<group>"; };
		F75647811F99865A0060E744 /* AddContactCell.m */ = {isa = PBXFileReference; lastKnownFileType = sourcecode.c.objc; path = AddContactCell.m; sourceTree = "<group>"; };
		F75647831F998A0E0060E744 /* AddContactModel.h */ = {isa = PBXFileReference; lastKnownFileType = sourcecode.c.h; path = AddContactModel.h; sourceTree = "<group>"; };
		F75647841F998A0E0060E744 /* AddContactModel.m */ = {isa = PBXFileReference; lastKnownFileType = sourcecode.c.objc; path = AddContactModel.m; sourceTree = "<group>"; };
		F75647861F9993960060E744 /* ChangePasswordVC.h */ = {isa = PBXFileReference; lastKnownFileType = sourcecode.c.h; path = ChangePasswordVC.h; sourceTree = "<group>"; };
		F75647871F9993960060E744 /* ChangePasswordVC.m */ = {isa = PBXFileReference; lastKnownFileType = sourcecode.c.objc; path = ChangePasswordVC.m; sourceTree = "<group>"; };
		F75647891F9997F40060E744 /* CountMessageVC.h */ = {isa = PBXFileReference; lastKnownFileType = sourcecode.c.h; path = CountMessageVC.h; sourceTree = "<group>"; };
		F756478A1F9997F40060E744 /* CountMessageVC.m */ = {isa = PBXFileReference; lastKnownFileType = sourcecode.c.objc; path = CountMessageVC.m; sourceTree = "<group>"; };
		F756478C1F999E140060E744 /* BaseMessageVC.h */ = {isa = PBXFileReference; lastKnownFileType = sourcecode.c.h; path = BaseMessageVC.h; sourceTree = "<group>"; };
		F756478D1F999E140060E744 /* BaseMessageVC.m */ = {isa = PBXFileReference; lastKnownFileType = sourcecode.c.objc; path = BaseMessageVC.m; sourceTree = "<group>"; };
		F756478F1F99BC490060E744 /* EditHeadImgVC.h */ = {isa = PBXFileReference; lastKnownFileType = sourcecode.c.h; path = EditHeadImgVC.h; sourceTree = "<group>"; };
		F75647901F99BC490060E744 /* EditHeadImgVC.m */ = {isa = PBXFileReference; lastKnownFileType = sourcecode.c.objc; path = EditHeadImgVC.m; sourceTree = "<group>"; };
		F75647921F99C2C40060E744 /* CompanyDetailVC.m */ = {isa = PBXFileReference; lastKnownFileType = sourcecode.c.objc; path = CompanyDetailVC.m; sourceTree = "<group>"; };
		F75647931F99C2C40060E744 /* CompanyDetailVC.h */ = {isa = PBXFileReference; lastKnownFileType = sourcecode.c.h; path = CompanyDetailVC.h; sourceTree = "<group>"; };
		F75647951F99C3060060E744 /* JobDetailCell.m */ = {isa = PBXFileReference; lastKnownFileType = sourcecode.c.objc; path = JobDetailCell.m; sourceTree = "<group>"; };
		F75647961F99C3060060E744 /* JobDetailCell.h */ = {isa = PBXFileReference; lastKnownFileType = sourcecode.c.h; path = JobDetailCell.h; sourceTree = "<group>"; };
		F75647981F99C3920060E744 /* JobModel.m */ = {isa = PBXFileReference; lastKnownFileType = sourcecode.c.objc; path = JobModel.m; sourceTree = "<group>"; };
		F75647991F99C3920060E744 /* JobModel.h */ = {isa = PBXFileReference; lastKnownFileType = sourcecode.c.h; path = JobModel.h; sourceTree = "<group>"; };
		F75BA92C1F9AD1B00083E448 /* ZFShareView.h */ = {isa = PBXFileReference; fileEncoding = 4; lastKnownFileType = sourcecode.c.h; path = ZFShareView.h; sourceTree = "<group>"; };
		F75BA92D1F9AD1B00083E448 /* ZFShareView.m */ = {isa = PBXFileReference; fileEncoding = 4; lastKnownFileType = sourcecode.c.objc; path = ZFShareView.m; sourceTree = "<group>"; };
		F75BA92E1F9AD1B00083E448 /* ZFTableViewCell.h */ = {isa = PBXFileReference; fileEncoding = 4; lastKnownFileType = sourcecode.c.h; path = ZFTableViewCell.h; sourceTree = "<group>"; };
		F75BA92F1F9AD1B00083E448 /* ZFTableViewCell.m */ = {isa = PBXFileReference; fileEncoding = 4; lastKnownFileType = sourcecode.c.objc; path = ZFTableViewCell.m; sourceTree = "<group>"; };
		F75BD65A1F947F2A00433133 /* CDTabBar.h */ = {isa = PBXFileReference; fileEncoding = 4; lastKnownFileType = sourcecode.c.h; path = CDTabBar.h; sourceTree = "<group>"; };
		F75BD65B1F947F2A00433133 /* CDTabBar.m */ = {isa = PBXFileReference; fileEncoding = 4; lastKnownFileType = sourcecode.c.objc; path = CDTabBar.m; sourceTree = "<group>"; };
		F75BD65D1F94866800433133 /* ReleaseJob1VC.h */ = {isa = PBXFileReference; lastKnownFileType = sourcecode.c.h; path = ReleaseJob1VC.h; sourceTree = "<group>"; };
		F75BD65E1F94866800433133 /* ReleaseJob1VC.m */ = {isa = PBXFileReference; lastKnownFileType = sourcecode.c.objc; path = ReleaseJob1VC.m; sourceTree = "<group>"; };
		F75EB6741F96E94C00CBCA7C /* InviteInterviewRecordVC.h */ = {isa = PBXFileReference; lastKnownFileType = sourcecode.c.h; path = InviteInterviewRecordVC.h; sourceTree = "<group>"; };
		F75EB6751F96E94C00CBCA7C /* InviteInterviewRecordVC.m */ = {isa = PBXFileReference; lastKnownFileType = sourcecode.c.objc; path = InviteInterviewRecordVC.m; sourceTree = "<group>"; };
		F75EB6771F96EC2200CBCA7C /* WordsVC.h */ = {isa = PBXFileReference; lastKnownFileType = sourcecode.c.h; path = WordsVC.h; sourceTree = "<group>"; };
		F75EB6781F96EC2200CBCA7C /* WordsVC.m */ = {isa = PBXFileReference; lastKnownFileType = sourcecode.c.objc; path = WordsVC.m; sourceTree = "<group>"; };
		F75EB67A1F96F61500CBCA7C /* MyMailboxVC.h */ = {isa = PBXFileReference; lastKnownFileType = sourcecode.c.h; path = MyMailboxVC.h; sourceTree = "<group>"; };
		F75EB67B1F96F61500CBCA7C /* MyMailboxVC.m */ = {isa = PBXFileReference; lastKnownFileType = sourcecode.c.objc; path = MyMailboxVC.m; sourceTree = "<group>"; };
		F75EB67D1F96F62E00CBCA7C /* ReceiveMsgVC.h */ = {isa = PBXFileReference; lastKnownFileType = sourcecode.c.h; path = ReceiveMsgVC.h; sourceTree = "<group>"; };
		F75EB67E1F96F62E00CBCA7C /* ReceiveMsgVC.m */ = {isa = PBXFileReference; lastKnownFileType = sourcecode.c.objc; path = ReceiveMsgVC.m; sourceTree = "<group>"; };
		F75EB6801F96F64100CBCA7C /* SendMsgVC.h */ = {isa = PBXFileReference; lastKnownFileType = sourcecode.c.h; path = SendMsgVC.h; sourceTree = "<group>"; };
		F75EB6811F96F64100CBCA7C /* SendMsgVC.m */ = {isa = PBXFileReference; lastKnownFileType = sourcecode.c.objc; path = SendMsgVC.m; sourceTree = "<group>"; };
		F75EB6831F96F9A100CBCA7C /* ReceiveMsgCell.h */ = {isa = PBXFileReference; lastKnownFileType = sourcecode.c.h; path = ReceiveMsgCell.h; sourceTree = "<group>"; };
		F75EB6841F96F9A100CBCA7C /* ReceiveMsgCell.m */ = {isa = PBXFileReference; lastKnownFileType = sourcecode.c.objc; path = ReceiveMsgCell.m; sourceTree = "<group>"; };
		F75EB6861F9722CC00CBCA7C /* ResumeSearchVC.h */ = {isa = PBXFileReference; lastKnownFileType = sourcecode.c.h; path = ResumeSearchVC.h; sourceTree = "<group>"; };
		F75EB6871F9722CC00CBCA7C /* ResumeSearchVC.m */ = {isa = PBXFileReference; lastKnownFileType = sourcecode.c.objc; path = ResumeSearchVC.m; sourceTree = "<group>"; };
		F76512991F9EEA1600BF80D9 /* NearbyAddressCell.h */ = {isa = PBXFileReference; lastKnownFileType = sourcecode.c.h; path = NearbyAddressCell.h; sourceTree = "<group>"; };
		F765129A1F9EEA1600BF80D9 /* NearbyAddressCell.m */ = {isa = PBXFileReference; lastKnownFileType = sourcecode.c.objc; path = NearbyAddressCell.m; sourceTree = "<group>"; };
		F765129C1F9F0BB100BF80D9 /* AddressSearchVC.h */ = {isa = PBXFileReference; lastKnownFileType = sourcecode.c.h; path = AddressSearchVC.h; sourceTree = "<group>"; };
		F765129D1F9F0BB100BF80D9 /* AddressSearchVC.m */ = {isa = PBXFileReference; lastKnownFileType = sourcecode.c.objc; path = AddressSearchVC.m; sourceTree = "<group>"; };
		F766D8EB1F958D41004C74F0 /* JobCell.h */ = {isa = PBXFileReference; fileEncoding = 4; lastKnownFileType = sourcecode.c.h; path = JobCell.h; sourceTree = "<group>"; };
		F766D8EC1F958D43004C74F0 /* JobCell.m */ = {isa = PBXFileReference; fileEncoding = 4; lastKnownFileType = sourcecode.c.objc; path = JobCell.m; sourceTree = "<group>"; };
		F766D8FC1F95A110004C74F0 /* JobManageVC.h */ = {isa = PBXFileReference; fileEncoding = 4; lastKnownFileType = sourcecode.c.h; path = JobManageVC.h; sourceTree = "<group>"; };
		F766D8FD1F95A111004C74F0 /* JobManageVC.m */ = {isa = PBXFileReference; fileEncoding = 4; lastKnownFileType = sourcecode.c.objc; path = JobManageVC.m; sourceTree = "<group>"; };
		F766D9011F95AA98004C74F0 /* MJCChildMainView.h */ = {isa = PBXFileReference; fileEncoding = 4; lastKnownFileType = sourcecode.c.h; path = MJCChildMainView.h; sourceTree = "<group>"; };
		F766D9021F95AA98004C74F0 /* MJCChildMainView.m */ = {isa = PBXFileReference; fileEncoding = 4; lastKnownFileType = sourcecode.c.objc; path = MJCChildMainView.m; sourceTree = "<group>"; };
		F766D9031F95AA98004C74F0 /* MJCIndicatorView.h */ = {isa = PBXFileReference; fileEncoding = 4; lastKnownFileType = sourcecode.c.h; path = MJCIndicatorView.h; sourceTree = "<group>"; };
		F766D9041F95AA98004C74F0 /* MJCIndicatorView.m */ = {isa = PBXFileReference; fileEncoding = 4; lastKnownFileType = sourcecode.c.objc; path = MJCIndicatorView.m; sourceTree = "<group>"; };
		F766D9051F95AA98004C74F0 /* MJCTabItem.h */ = {isa = PBXFileReference; fileEncoding = 4; lastKnownFileType = sourcecode.c.h; path = MJCTabItem.h; sourceTree = "<group>"; };
		F766D9061F95AA98004C74F0 /* MJCTabItem.m */ = {isa = PBXFileReference; fileEncoding = 4; lastKnownFileType = sourcecode.c.objc; path = MJCTabItem.m; sourceTree = "<group>"; };
		F766D9071F95AA98004C74F0 /* MJCTitlesView.h */ = {isa = PBXFileReference; fileEncoding = 4; lastKnownFileType = sourcecode.c.h; path = MJCTitlesView.h; sourceTree = "<group>"; };
		F766D9081F95AA98004C74F0 /* MJCTitlesView.m */ = {isa = PBXFileReference; fileEncoding = 4; lastKnownFileType = sourcecode.c.objc; path = MJCTitlesView.m; sourceTree = "<group>"; };
		F766D90A1F95AA98004C74F0 /* MJCAlertMessage.h */ = {isa = PBXFileReference; fileEncoding = 4; lastKnownFileType = sourcecode.c.h; path = MJCAlertMessage.h; sourceTree = "<group>"; };
		F766D90B1F95AA98004C74F0 /* MJCAlertMessage.m */ = {isa = PBXFileReference; fileEncoding = 4; lastKnownFileType = sourcecode.c.objc; path = MJCAlertMessage.m; sourceTree = "<group>"; };
		F766D90C1F95AA98004C74F0 /* MJCCommonTools.h */ = {isa = PBXFileReference; fileEncoding = 4; lastKnownFileType = sourcecode.c.h; path = MJCCommonTools.h; sourceTree = "<group>"; };
		F766D90D1F95AA98004C74F0 /* MJCCommonTools.m */ = {isa = PBXFileReference; fileEncoding = 4; lastKnownFileType = sourcecode.c.objc; path = MJCCommonTools.m; sourceTree = "<group>"; };
		F766D90E1F95AA98004C74F0 /* MJCOrdinaryLayout.h */ = {isa = PBXFileReference; fileEncoding = 4; lastKnownFileType = sourcecode.c.h; path = MJCOrdinaryLayout.h; sourceTree = "<group>"; };
		F766D90F1F95AA98004C74F0 /* MJCOrdinaryLayout.m */ = {isa = PBXFileReference; fileEncoding = 4; lastKnownFileType = sourcecode.c.objc; path = MJCOrdinaryLayout.m; sourceTree = "<group>"; };
		F766D9101F95AA98004C74F0 /* UIButton+MJCClassExtension.h */ = {isa = PBXFileReference; fileEncoding = 4; lastKnownFileType = sourcecode.c.h; path = "UIButton+MJCClassExtension.h"; sourceTree = "<group>"; };
		F766D9111F95AA98004C74F0 /* UIButton+MJCClassExtension.m */ = {isa = PBXFileReference; fileEncoding = 4; lastKnownFileType = sourcecode.c.objc; path = "UIButton+MJCClassExtension.m"; sourceTree = "<group>"; };
		F766D9121F95AA98004C74F0 /* UIColor+MJCClassExtension.h */ = {isa = PBXFileReference; fileEncoding = 4; lastKnownFileType = sourcecode.c.h; path = "UIColor+MJCClassExtension.h"; sourceTree = "<group>"; };
		F766D9131F95AA98004C74F0 /* UIColor+MJCClassExtension.m */ = {isa = PBXFileReference; fileEncoding = 4; lastKnownFileType = sourcecode.c.objc; path = "UIColor+MJCClassExtension.m"; sourceTree = "<group>"; };
		F766D9141F95AA98004C74F0 /* UILabel+MJCClassExtension.h */ = {isa = PBXFileReference; fileEncoding = 4; lastKnownFileType = sourcecode.c.h; path = "UILabel+MJCClassExtension.h"; sourceTree = "<group>"; };
		F766D9151F95AA98004C74F0 /* UILabel+MJCClassExtension.m */ = {isa = PBXFileReference; fileEncoding = 4; lastKnownFileType = sourcecode.c.objc; path = "UILabel+MJCClassExtension.m"; sourceTree = "<group>"; };
		F766D9161F95AA98004C74F0 /* UIView+MJCClassExtension.h */ = {isa = PBXFileReference; fileEncoding = 4; lastKnownFileType = sourcecode.c.h; path = "UIView+MJCClassExtension.h"; sourceTree = "<group>"; };
		F766D9171F95AA98004C74F0 /* UIView+MJCClassExtension.m */ = {isa = PBXFileReference; fileEncoding = 4; lastKnownFileType = sourcecode.c.objc; path = "UIView+MJCClassExtension.m"; sourceTree = "<group>"; };
		F766D9181F95AA98004C74F0 /* MJCSegmentInterface.h */ = {isa = PBXFileReference; fileEncoding = 4; lastKnownFileType = sourcecode.c.h; path = MJCSegmentInterface.h; sourceTree = "<group>"; };
		F766D9191F95AA98004C74F0 /* MJCSegmentInterface.m */ = {isa = PBXFileReference; fileEncoding = 4; lastKnownFileType = sourcecode.c.objc; path = MJCSegmentInterface.m; sourceTree = "<group>"; };
		F766D9261F95AABF004C74F0 /* ResumeReceiveVC.h */ = {isa = PBXFileReference; lastKnownFileType = sourcecode.c.h; path = ResumeReceiveVC.h; sourceTree = "<group>"; };
		F766D9271F95AABF004C74F0 /* ResumeReceiveVC.m */ = {isa = PBXFileReference; lastKnownFileType = sourcecode.c.objc; path = ResumeReceiveVC.m; sourceTree = "<group>"; };
		F766D9291F95AB02004C74F0 /* ResumeCheckedVC.h */ = {isa = PBXFileReference; lastKnownFileType = sourcecode.c.h; path = ResumeCheckedVC.h; sourceTree = "<group>"; };
		F766D92A1F95AB02004C74F0 /* ResumeCheckedVC.m */ = {isa = PBXFileReference; lastKnownFileType = sourcecode.c.objc; path = ResumeCheckedVC.m; sourceTree = "<group>"; };
		F766D92C1F95AB1D004C74F0 /* ResumeLookedVC.h */ = {isa = PBXFileReference; lastKnownFileType = sourcecode.c.h; path = ResumeLookedVC.h; sourceTree = "<group>"; };
		F766D92D1F95AB1D004C74F0 /* ResumeLookedVC.m */ = {isa = PBXFileReference; lastKnownFileType = sourcecode.c.objc; path = ResumeLookedVC.m; sourceTree = "<group>"; };
		F766D92F1F95AB2C004C74F0 /* ResumeCollectionVC.h */ = {isa = PBXFileReference; lastKnownFileType = sourcecode.c.h; path = ResumeCollectionVC.h; sourceTree = "<group>"; };
		F766D9301F95AB2C004C74F0 /* ResumeCollectionVC.m */ = {isa = PBXFileReference; lastKnownFileType = sourcecode.c.objc; path = ResumeCollectionVC.m; sourceTree = "<group>"; };
		F766D9381F95C880004C74F0 /* ResumeManageVC.h */ = {isa = PBXFileReference; lastKnownFileType = sourcecode.c.h; path = ResumeManageVC.h; sourceTree = "<group>"; };
		F766D9391F95C880004C74F0 /* ResumeManageVC.m */ = {isa = PBXFileReference; lastKnownFileType = sourcecode.c.objc; path = ResumeManageVC.m; sourceTree = "<group>"; };
		F766D93B1F95CBE2004C74F0 /* ResumeReceiveCell.h */ = {isa = PBXFileReference; lastKnownFileType = sourcecode.c.h; path = ResumeReceiveCell.h; sourceTree = "<group>"; };
		F766D93C1F95CBE2004C74F0 /* ResumeReceiveCell.m */ = {isa = PBXFileReference; lastKnownFileType = sourcecode.c.objc; path = ResumeReceiveCell.m; sourceTree = "<group>"; };
		F766D9421F95E405004C74F0 /* RegisterVC.m */ = {isa = PBXFileReference; fileEncoding = 4; lastKnownFileType = sourcecode.c.objc; path = RegisterVC.m; sourceTree = "<group>"; };
		F766D9431F95E405004C74F0 /* RegisterVC.h */ = {isa = PBXFileReference; fileEncoding = 4; lastKnownFileType = sourcecode.c.h; path = RegisterVC.h; sourceTree = "<group>"; };
		F766D9451F95E412004C74F0 /* LoginVC.h */ = {isa = PBXFileReference; fileEncoding = 4; lastKnownFileType = sourcecode.c.h; path = LoginVC.h; sourceTree = "<group>"; };
		F766D9461F95E413004C74F0 /* LoginVC.m */ = {isa = PBXFileReference; fileEncoding = 4; lastKnownFileType = sourcecode.c.objc; path = LoginVC.m; sourceTree = "<group>"; };
		F766D9481F95F597004C74F0 /* PersonalMessageCell.m */ = {isa = PBXFileReference; lastKnownFileType = sourcecode.c.objc; path = PersonalMessageCell.m; sourceTree = "<group>"; };
		F766D9491F95F597004C74F0 /* PersonalMessageCell.h */ = {isa = PBXFileReference; lastKnownFileType = sourcecode.c.h; path = PersonalMessageCell.h; sourceTree = "<group>"; };
		F766D94B1F95F9C4004C74F0 /* PersonalMessageVC.h */ = {isa = PBXFileReference; lastKnownFileType = sourcecode.c.h; path = PersonalMessageVC.h; sourceTree = "<group>"; };
		F766D94C1F95F9C4004C74F0 /* PersonalMessageVC.m */ = {isa = PBXFileReference; lastKnownFileType = sourcecode.c.objc; path = PersonalMessageVC.m; sourceTree = "<group>"; };
		F76AD85B1F973E9E00BA88D3 /* HotJobCell.m */ = {isa = PBXFileReference; lastKnownFileType = sourcecode.c.objc; path = HotJobCell.m; sourceTree = "<group>"; };
		F76AD85C1F973E9E00BA88D3 /* HotJobCell.h */ = {isa = PBXFileReference; lastKnownFileType = sourcecode.c.h; path = HotJobCell.h; sourceTree = "<group>"; };
		F76AD85E1F97403400BA88D3 /* PlaceView.h */ = {isa = PBXFileReference; lastKnownFileType = sourcecode.c.h; path = PlaceView.h; sourceTree = "<group>"; };
		F76AD85F1F97403400BA88D3 /* PlaceView.m */ = {isa = PBXFileReference; lastKnownFileType = sourcecode.c.objc; path = PlaceView.m; sourceTree = "<group>"; };
		F76AD8611F97452400BA88D3 /* SearchUITableView.h */ = {isa = PBXFileReference; lastKnownFileType = sourcecode.c.h; path = SearchUITableView.h; sourceTree = "<group>"; };
		F76AD8621F97452500BA88D3 /* SearchUITableView.m */ = {isa = PBXFileReference; lastKnownFileType = sourcecode.c.objc; path = SearchUITableView.m; sourceTree = "<group>"; };
		F76AD8641F97515700BA88D3 /* ResumeSearchResultVC.h */ = {isa = PBXFileReference; lastKnownFileType = sourcecode.c.h; path = ResumeSearchResultVC.h; sourceTree = "<group>"; };
		F76AD8651F97515700BA88D3 /* ResumeSearchResultVC.m */ = {isa = PBXFileReference; lastKnownFileType = sourcecode.c.objc; path = ResumeSearchResultVC.m; sourceTree = "<group>"; };
		F76AD8671F97520500BA88D3 /* ResumeSearchResultCell.h */ = {isa = PBXFileReference; lastKnownFileType = sourcecode.c.h; path = ResumeSearchResultCell.h; sourceTree = "<group>"; };
		F76AD8681F97520500BA88D3 /* ResumeSearchResultCell.m */ = {isa = PBXFileReference; lastKnownFileType = sourcecode.c.objc; path = ResumeSearchResultCell.m; sourceTree = "<group>"; };
		F78870F81F9D84AA008CDD52 /* InviteInterviewVC.h */ = {isa = PBXFileReference; lastKnownFileType = sourcecode.c.h; path = InviteInterviewVC.h; sourceTree = "<group>"; };
		F78870F91F9D84AA008CDD52 /* InviteInterviewVC.m */ = {isa = PBXFileReference; lastKnownFileType = sourcecode.c.objc; path = InviteInterviewVC.m; sourceTree = "<group>"; };
		F78870FE1F9D8D0D008CDD52 /* InviteInterviewCell.h */ = {isa = PBXFileReference; lastKnownFileType = sourcecode.c.h; path = InviteInterviewCell.h; sourceTree = "<group>"; };
		F78870FF1F9D8D0D008CDD52 /* InviteInterviewCell.m */ = {isa = PBXFileReference; lastKnownFileType = sourcecode.c.objc; path = InviteInterviewCell.m; sourceTree = "<group>"; };
		F78871021F9DB32C008CDD52 /* ContactModel.h */ = {isa = PBXFileReference; lastKnownFileType = sourcecode.c.h; path = ContactModel.h; sourceTree = "<group>"; };
		F78871031F9DB32C008CDD52 /* ContactModel.m */ = {isa = PBXFileReference; lastKnownFileType = sourcecode.c.objc; path = ContactModel.m; sourceTree = "<group>"; };
		F78871051F9DD959008CDD52 /* CompanyAddressVC.h */ = {isa = PBXFileReference; lastKnownFileType = sourcecode.c.h; path = CompanyAddressVC.h; sourceTree = "<group>"; };
		F78871061F9DD959008CDD52 /* CompanyAddressVC.m */ = {isa = PBXFileReference; lastKnownFileType = sourcecode.c.objc; path = CompanyAddressVC.m; sourceTree = "<group>"; };
		F78D93731F9204B800E0DCA9 /* AFNetworking_RequestData.h */ = {isa = PBXFileReference; fileEncoding = 4; lastKnownFileType = sourcecode.c.h; path = AFNetworking_RequestData.h; sourceTree = "<group>"; };
		F78D93741F9204B800E0DCA9 /* AFNetworking_RequestData.m */ = {isa = PBXFileReference; fileEncoding = 4; lastKnownFileType = sourcecode.c.objc; path = AFNetworking_RequestData.m; sourceTree = "<group>"; };
		F78D93761F9204F200E0DCA9 /* PersonModel.m */ = {isa = PBXFileReference; lastKnownFileType = sourcecode.c.objc; path = PersonModel.m; sourceTree = "<group>"; };
		F78D93771F9204F400E0DCA9 /* PersonModel.h */ = {isa = PBXFileReference; lastKnownFileType = sourcecode.c.h; path = PersonModel.h; sourceTree = "<group>"; };
		F78D93801F92064400E0DCA9 /* NavigationController.m */ = {isa = PBXFileReference; lastKnownFileType = sourcecode.c.objc; path = NavigationController.m; sourceTree = "<group>"; };
		F78D93811F92064500E0DCA9 /* BaseViewController.h */ = {isa = PBXFileReference; lastKnownFileType = sourcecode.c.h; path = BaseViewController.h; sourceTree = "<group>"; };
		F78D93821F92064600E0DCA9 /* TabBarController.m */ = {isa = PBXFileReference; lastKnownFileType = sourcecode.c.objc; path = TabBarController.m; sourceTree = "<group>"; };
		F78D93831F92064800E0DCA9 /* BaseViewController.m */ = {isa = PBXFileReference; lastKnownFileType = sourcecode.c.objc; path = BaseViewController.m; sourceTree = "<group>"; };
		F78D93841F92064900E0DCA9 /* TabBarController.h */ = {isa = PBXFileReference; lastKnownFileType = sourcecode.c.h; path = TabBarController.h; sourceTree = "<group>"; };
		F78D93851F92064A00E0DCA9 /* NavigationController.h */ = {isa = PBXFileReference; lastKnownFileType = sourcecode.c.h; path = NavigationController.h; sourceTree = "<group>"; };
		F78D93891F92067900E0DCA9 /* HomeVC.h */ = {isa = PBXFileReference; lastKnownFileType = sourcecode.c.h; path = HomeVC.h; sourceTree = "<group>"; };
		F78D938A1F92067900E0DCA9 /* HomeVC.m */ = {isa = PBXFileReference; lastKnownFileType = sourcecode.c.objc; path = HomeVC.m; sourceTree = "<group>"; };
		F78D938F1F92069D00E0DCA9 /* ResumeManage1VC.h */ = {isa = PBXFileReference; lastKnownFileType = sourcecode.c.h; path = ResumeManage1VC.h; sourceTree = "<group>"; };
		F78D93901F92069D00E0DCA9 /* ResumeManage1VC.m */ = {isa = PBXFileReference; lastKnownFileType = sourcecode.c.objc; path = ResumeManage1VC.m; sourceTree = "<group>"; };
		F78D93921F9206A700E0DCA9 /* ChatVC.h */ = {isa = PBXFileReference; lastKnownFileType = sourcecode.c.h; path = ChatVC.h; sourceTree = "<group>"; };
		F78D93931F9206A700E0DCA9 /* ChatVC.m */ = {isa = PBXFileReference; lastKnownFileType = sourcecode.c.objc; path = ChatVC.m; sourceTree = "<group>"; };
/* End PBXFileReference section */

/* Begin PBXFrameworksBuildPhase section */
		F74820411F91FCCA00F072CD /* Frameworks */ = {
			isa = PBXFrameworksBuildPhase;
			buildActionMask = 2147483647;
			files = (
				E6C4AE24808BB0AEA37EEDC3 /* libPods-RecruitmentEnterPrise.a in Frameworks */,
			);
			runOnlyForDeploymentPostprocessing = 0;
		};
		F74820591F91FCCA00F072CD /* Frameworks */ = {
			isa = PBXFrameworksBuildPhase;
			buildActionMask = 2147483647;
			files = (
			);
			runOnlyForDeploymentPostprocessing = 0;
		};
		F74820641F91FCCA00F072CD /* Frameworks */ = {
			isa = PBXFrameworksBuildPhase;
			buildActionMask = 2147483647;
			files = (
			);
			runOnlyForDeploymentPostprocessing = 0;
		};
/* End PBXFrameworksBuildPhase section */

/* Begin PBXGroup section */
		549EB95D07BE2803FA0B2360 /* Pods */ = {
			isa = PBXGroup;
			children = (
				ED42DDDA9E94D49555C9D932 /* Pods-RecruitmentEnterPrise.debug.xcconfig */,
				EED2D2ECB8E0F197D3396C4F /* Pods-RecruitmentEnterPrise.release.xcconfig */,
			);
			name = Pods;
			sourceTree = "<group>";
		};
		B638EB48DCBB3E9862D02E62 /* Frameworks */ = {
			isa = PBXGroup;
			children = (
				081C55AF243CD84220CE9F5D /* libPods-RecruitmentEnterPrise.a */,
			);
			name = Frameworks;
			sourceTree = "<group>";
		};
		F705A7E61F949B4100298D57 /* ControllView */ = {
			isa = PBXGroup;
			children = (
				F766D9381F95C880004C74F0 /* ResumeManageVC.h */,
				F766D9391F95C880004C74F0 /* ResumeManageVC.m */,
				F78D938F1F92069D00E0DCA9 /* ResumeManage1VC.h */,
				F78D93901F92069D00E0DCA9 /* ResumeManage1VC.m */,
				F766D9261F95AABF004C74F0 /* ResumeReceiveVC.h */,
				F766D9271F95AABF004C74F0 /* ResumeReceiveVC.m */,
				F766D9291F95AB02004C74F0 /* ResumeCheckedVC.h */,
				F766D92A1F95AB02004C74F0 /* ResumeCheckedVC.m */,
				F766D92C1F95AB1D004C74F0 /* ResumeLookedVC.h */,
				F766D92D1F95AB1D004C74F0 /* ResumeLookedVC.m */,
				F766D92F1F95AB2C004C74F0 /* ResumeCollectionVC.h */,
				F766D9301F95AB2C004C74F0 /* ResumeCollectionVC.m */,
				F78870F81F9D84AA008CDD52 /* InviteInterviewVC.h */,
				F78870F91F9D84AA008CDD52 /* InviteInterviewVC.m */,
			);
			path = ControllView;
			sourceTree = "<group>";
		};
		F71C04371F9879140024C1EC /* 设置 */ = {
			isa = PBXGroup;
			children = (
				F71C04381F98793C0024C1EC /* SettingVC.h */,
				F71C04391F98793C0024C1EC /* SettingVC.m */,
				F756478C1F999E140060E744 /* BaseMessageVC.h */,
				F756478D1F999E140060E744 /* BaseMessageVC.m */,
				F756478F1F99BC490060E744 /* EditHeadImgVC.h */,
				F75647901F99BC490060E744 /* EditHeadImgVC.m */,
				F75647891F9997F40060E744 /* CountMessageVC.h */,
				F756478A1F9997F40060E744 /* CountMessageVC.m */,
				F71C043B1F988C450024C1EC /* OtherVC.h */,
				F71C043C1F988C450024C1EC /* OtherVC.m */,
				F71C04441F98A5A80024C1EC /* ChangeInfoVC.h */,
				F71C04451F98A5A80024C1EC /* ChangeInfoVC.m */,
				F71C04471F98A8790024C1EC /* ContactManageVC.h */,
				F71C04481F98A8790024C1EC /* ContactManageVC.m */,
				F756477D1F9986460060E744 /* AddContactVC.h */,
				F756477E1F9986460060E744 /* AddContactVC.m */,
				F75647861F9993960060E744 /* ChangePasswordVC.h */,
				F75647871F9993960060E744 /* ChangePasswordVC.m */,
			);
			path = "设置";
			sourceTree = "<group>";
		};
		F748203B1F91FCCA00F072CD = {
			isa = PBXGroup;
			children = (
				F74820461F91FCCA00F072CD /* RecruitmentEnterPrise */,
				F748205F1F91FCCA00F072CD /* RecruitmentEnterPriseTests */,
				F748206A1F91FCCA00F072CD /* RecruitmentEnterPriseUITests */,
				F74820451F91FCCA00F072CD /* Products */,
				549EB95D07BE2803FA0B2360 /* Pods */,
				B638EB48DCBB3E9862D02E62 /* Frameworks */,
			);
			sourceTree = "<group>";
		};
		F74820451F91FCCA00F072CD /* Products */ = {
			isa = PBXGroup;
			children = (
				F74820441F91FCCA00F072CD /* RecruitmentEnterPrise.app */,
				F748205C1F91FCCA00F072CD /* RecruitmentEnterPriseTests.xctest */,
				F74820671F91FCCA00F072CD /* RecruitmentEnterPriseUITests.xctest */,
			);
			name = Products;
			sourceTree = "<group>";
		};
		F74820461F91FCCA00F072CD /* RecruitmentEnterPrise */ = {
			isa = PBXGroup;
			children = (
				F78D93721F9204B800E0DCA9 /* AFNetworking_RequestData */,
				F74820791F91FE8A00F072CD /* Thirdparty */,
				F75BD6591F947F2A00433133 /* CustomClass */,
				F74820471F91FCCA00F072CD /* AppDelegate.h */,
				F74820481F91FCCA00F072CD /* AppDelegate.m */,
				F78D93811F92064500E0DCA9 /* BaseViewController.h */,
				F78D93831F92064800E0DCA9 /* BaseViewController.m */,
				F705A7E11F94985500298D57 /* BasePresentViewController.h */,
				F705A7E21F94985500298D57 /* BasePresentViewController.m */,
				F78D93851F92064A00E0DCA9 /* NavigationController.h */,
				F78D93801F92064400E0DCA9 /* NavigationController.m */,
				F78D93841F92064900E0DCA9 /* TabBarController.h */,
				F78D93821F92064600E0DCA9 /* TabBarController.m */,
				F78D93951F9206C400E0DCA9 /* 登录注册 */,
				F78D937C1F92056600E0DCA9 /* 首页 */,
				F78D937B1F92056400E0DCA9 /* 发布职位 */,
				F78D937A1F92055E00E0DCA9 /* 简历管理 */,
				F78D93791F92055B00E0DCA9 /* 约聊 */,
				F748204D1F91FCCA00F072CD /* Main.storyboard */,
				F74820501F91FCCA00F072CD /* Assets.xcassets */,
				F74820521F91FCCA00F072CD /* LaunchScreen.storyboard */,
				F74820551F91FCCA00F072CD /* Info.plist */,
				F74820561F91FCCA00F072CD /* main.m */,
				F74820E01F9202CE00F072CD /* DefineFile.h */,
				F74820E21F9202F400F072CD /* RecruitmentEnterPrise.pch */,
			);
			path = RecruitmentEnterPrise;
			sourceTree = "<group>";
		};
		F748205F1F91FCCA00F072CD /* RecruitmentEnterPriseTests */ = {
			isa = PBXGroup;
			children = (
				F74820601F91FCCA00F072CD /* RecruitmentEnterPriseTests.m */,
				F74820621F91FCCA00F072CD /* Info.plist */,
			);
			path = RecruitmentEnterPriseTests;
			sourceTree = "<group>";
		};
		F748206A1F91FCCA00F072CD /* RecruitmentEnterPriseUITests */ = {
			isa = PBXGroup;
			children = (
				F748206B1F91FCCA00F072CD /* RecruitmentEnterPriseUITests.m */,
				F748206D1F91FCCA00F072CD /* Info.plist */,
			);
			path = RecruitmentEnterPriseUITests;
			sourceTree = "<group>";
		};
		F74820791F91FE8A00F072CD /* Thirdparty */ = {
			isa = PBXGroup;
			children = (
				F748207A1F91FE8A00F072CD /* BRPickerView */,
				F748208E1F91FE8A00F072CD /* InfoCache */,
				F74820971F91FE8A00F072CD /* RegexTool */,
				F74820AA1F91FE8A00F072CD /* Toast */,
				F74820AD1F91FE8A00F072CD /* Tools */,
				F74820BA1F91FE8A00F072CD /* UIColorEx */,
				F74820BD1F91FE8A00F072CD /* ZXPUnicode */,
			);
			path = Thirdparty;
			sourceTree = "<group>";
		};
		F748207A1F91FE8A00F072CD /* BRPickerView */ = {
			isa = PBXGroup;
			children = (
				F748207B1F91FE8A00F072CD /* AddressPickerView */,
				F74820811F91FE8A00F072CD /* Base */,
				F74820841F91FE8A00F072CD /* BRPickerView.h */,
				F74820851F91FE8A00F072CD /* DatePickerView */,
				F74820881F91FE8A00F072CD /* NSDate+BRAdd.h */,
				F74820891F91FE8A00F072CD /* NSDate+BRAdd.m */,
				F748208A1F91FE8A00F072CD /* StringPickerView */,
			);
			path = BRPickerView;
			sourceTree = "<group>";
		};
		F748207B1F91FE8A00F072CD /* AddressPickerView */ = {
			isa = PBXGroup;
			children = (
				F748207C1F91FE8A00F072CD /* BRAddressModel.h */,
				F748207D1F91FE8A00F072CD /* BRAddressModel.m */,
				F748207E1F91FE8A00F072CD /* BRAddressPickerView.h */,
				F748207F1F91FE8A00F072CD /* BRAddressPickerView.m */,
				F74820801F91FE8A00F072CD /* BRCity.plist */,
			);
			path = AddressPickerView;
			sourceTree = "<group>";
		};
		F74820811F91FE8A00F072CD /* Base */ = {
			isa = PBXGroup;
			children = (
				F74820821F91FE8A00F072CD /* BaseView.h */,
				F74820831F91FE8A00F072CD /* BaseView.m */,
			);
			path = Base;
			sourceTree = "<group>";
		};
		F74820851F91FE8A00F072CD /* DatePickerView */ = {
			isa = PBXGroup;
			children = (
				F74820861F91FE8A00F072CD /* BRDatePickerView.h */,
				F74820871F91FE8A00F072CD /* BRDatePickerView.m */,
			);
			path = DatePickerView;
			sourceTree = "<group>";
		};
		F748208A1F91FE8A00F072CD /* StringPickerView */ = {
			isa = PBXGroup;
			children = (
				F748208B1F91FE8A00F072CD /* BRStringPickerView.h */,
				F748208C1F91FE8A00F072CD /* BRStringPickerView.m */,
			);
			path = StringPickerView;
			sourceTree = "<group>";
		};
		F748208E1F91FE8A00F072CD /* InfoCache */ = {
			isa = PBXGroup;
			children = (
				F748208F1F91FE8A00F072CD /* InfoCache.h */,
				F74820901F91FE8A00F072CD /* InfoCache.m */,
			);
			path = InfoCache;
			sourceTree = "<group>";
		};
		F74820971F91FE8A00F072CD /* RegexTool */ = {
			isa = PBXGroup;
			children = (
				F74F98A21FA07CDB0027C418 /* CountDownServer.h */,
				F74F98A31FA07CDB0027C418 /* CountDownServer.m */,
				F74820981F91FE8A00F072CD /* RegexTool.h */,
				F74820991F91FE8A00F072CD /* RegexTool.m */,
			);
			path = RegexTool;
			sourceTree = "<group>";
		};
		F74820AA1F91FE8A00F072CD /* Toast */ = {
			isa = PBXGroup;
			children = (
				F74820AB1F91FE8A00F072CD /* UIView+Toast.h */,
				F74820AC1F91FE8A00F072CD /* UIView+Toast.m */,
			);
			path = Toast;
			sourceTree = "<group>";
		};
		F74820AD1F91FE8A00F072CD /* Tools */ = {
			isa = PBXGroup;
			children = (
				F74F989C1FA057110027C418 /* UILabel+WLAttributedString.h */,
				F74F989D1FA057120027C418 /* UILabel+WLAttributedString.m */,
				F74820AF1F91FE8A00F072CD /* NSStringExt.h */,
				F74820B01F91FE8A00F072CD /* NSStringExt.m */,
				F74820B11F91FE8A00F072CD /* TableView+Gategory */,
				F74820B41F91FE8A00F072CD /* UIImage+UIImageExt.h */,
				F74820B51F91FE8A00F072CD /* UIImage+UIImageExt.m */,
				F74820B61F91FE8A00F072CD /* UIViewController+UIViewControllerExt.h */,
				F74820B71F91FE8A00F072CD /* UIViewController+UIViewControllerExt.m */,
				F74820B81F91FE8A00F072CD /* UIViewExt.h */,
				F74820B91F91FE8A00F072CD /* UIViewExt.m */,
			);
			path = Tools;
			sourceTree = "<group>";
		};
		F74820B11F91FE8A00F072CD /* TableView+Gategory */ = {
			isa = PBXGroup;
			children = (
				F74820B21F91FE8A00F072CD /* UITableView+EmptyData.h */,
				F74820B31F91FE8A00F072CD /* UITableView+EmptyData.m */,
			);
			path = "TableView+Gategory";
			sourceTree = "<group>";
		};
		F74820BA1F91FE8A00F072CD /* UIColorEx */ = {
			isa = PBXGroup;
			children = (
				F74820BB1F91FE8A00F072CD /* UIColor+Expend.h */,
				F74820BC1F91FE8A00F072CD /* UIColor+Expend.m */,
			);
			path = UIColorEx;
			sourceTree = "<group>";
		};
		F74820BD1F91FE8A00F072CD /* ZXPUnicode */ = {
			isa = PBXGroup;
			children = (
				F74820BE1F91FE8A00F072CD /* ZXPUnicode.h */,
				F74820BF1F91FE8A00F072CD /* ZXPUnicode.m */,
			);
			path = ZXPUnicode;
			sourceTree = "<group>";
		};
		F75BA92B1F9AD1B00083E448 /* ZFTableViewCell */ = {
			isa = PBXGroup;
			children = (
				F75BA92C1F9AD1B00083E448 /* ZFShareView.h */,
				F75BA92D1F9AD1B00083E448 /* ZFShareView.m */,
				F75BA92E1F9AD1B00083E448 /* ZFTableViewCell.h */,
				F75BA92F1F9AD1B00083E448 /* ZFTableViewCell.m */,
			);
			path = ZFTableViewCell;
			sourceTree = "<group>";
		};
		F75BD6591F947F2A00433133 /* CustomClass */ = {
			isa = PBXGroup;
			children = (
				F75BA92B1F9AD1B00083E448 /* ZFTableViewCell */,
				F766D8FF1F95AA98004C74F0 /* MJCSlideInterface */,
				F75BD65A1F947F2A00433133 /* CDTabBar.h */,
				F75BD65B1F947F2A00433133 /* CDTabBar.m */,
			);
			path = CustomClass;
			sourceTree = "<group>";
		};
		F75BD6601F94883B00433133 /* ControllView */ = {
			isa = PBXGroup;
			children = (
				F705A7D81F9488C500298D57 /* ReleaseJobVC.h */,
				F705A7D91F9488C500298D57 /* ReleaseJobVC.m */,
				F75BD65D1F94866800433133 /* ReleaseJob1VC.h */,
				F75BD65E1F94866800433133 /* ReleaseJob1VC.m */,
			);
			path = ControllView;
			sourceTree = "<group>";
		};
		F75BD6611F94885200433133 /* Model */ = {
			isa = PBXGroup;
			children = (
				F705A7DE1F948EC200298D57 /* ReleaseJobModel.h */,
				F705A7DF1F948EC200298D57 /* ReleaseJobModel.m */,
			);
			path = Model;
			sourceTree = "<group>";
		};
		F75BD6621F94885400433133 /* View */ = {
			isa = PBXGroup;
			children = (
				F705A7DB1F9488EE00298D57 /* ReleaseJobCell.h */,
				F705A7DC1F9488EE00298D57 /* ReleaseJobCell.m */,
			);
			path = View;
			sourceTree = "<group>";
		};
		F766D8EA1F958D30004C74F0 /* View */ = {
			isa = PBXGroup;
			children = (
				F766D93B1F95CBE2004C74F0 /* ResumeReceiveCell.h */,
				F766D93C1F95CBE2004C74F0 /* ResumeReceiveCell.m */,
				F78870FE1F9D8D0D008CDD52 /* InviteInterviewCell.h */,
				F78870FF1F9D8D0D008CDD52 /* InviteInterviewCell.m */,
			);
			path = View;
			sourceTree = "<group>";
		};
		F766D8F31F959820004C74F0 /* ControllView */ = {
			isa = PBXGroup;
			children = (
				F78D93891F92067900E0DCA9 /* HomeVC.h */,
				F78D938A1F92067900E0DCA9 /* HomeVC.m */,
				F766D8FC1F95A110004C74F0 /* JobManageVC.h */,
				F766D8FD1F95A111004C74F0 /* JobManageVC.m */,
				F75EB6741F96E94C00CBCA7C /* InviteInterviewRecordVC.h */,
				F75EB6751F96E94C00CBCA7C /* InviteInterviewRecordVC.m */,
				F75EB6771F96EC2200CBCA7C /* WordsVC.h */,
				F75EB6781F96EC2200CBCA7C /* WordsVC.m */,
				F75EB67A1F96F61500CBCA7C /* MyMailboxVC.h */,
				F75EB67B1F96F61500CBCA7C /* MyMailboxVC.m */,
				F75EB67D1F96F62E00CBCA7C /* ReceiveMsgVC.h */,
				F75EB67E1F96F62E00CBCA7C /* ReceiveMsgVC.m */,
				F75EB6801F96F64100CBCA7C /* SendMsgVC.h */,
				F75EB6811F96F64100CBCA7C /* SendMsgVC.m */,
				F75EB6861F9722CC00CBCA7C /* ResumeSearchVC.h */,
				F75EB6871F9722CC00CBCA7C /* ResumeSearchVC.m */,
				F76AD8641F97515700BA88D3 /* ResumeSearchResultVC.h */,
				F76AD8651F97515700BA88D3 /* ResumeSearchResultVC.m */,
				F71C04271F9839690024C1EC /* ChatWantedVC.h */,
				F71C04281F9839690024C1EC /* ChatWantedVC.m */,
				F75647931F99C2C40060E744 /* CompanyDetailVC.h */,
				F75647921F99C2C40060E744 /* CompanyDetailVC.m */,
				F74820E11F9202E100F072CD /* UrlFile.h */,
				F71C04371F9879140024C1EC /* 设置 */,
			);
			path = ControllView;
			sourceTree = "<group>";
		};
		F766D8F71F959F86004C74F0 /* Model */ = {
			isa = PBXGroup;
			children = (
				F75647991F99C3920060E744 /* JobModel.h */,
				F75647981F99C3920060E744 /* JobModel.m */,
				F75647831F998A0E0060E744 /* AddContactModel.h */,
				F75647841F998A0E0060E744 /* AddContactModel.m */,
			);
			path = Model;
			sourceTree = "<group>";
		};
		F766D8F81F959F86004C74F0 /* View */ = {
			isa = PBXGroup;
			children = (
				F766D8EB1F958D41004C74F0 /* JobCell.h */,
				F766D8EC1F958D43004C74F0 /* JobCell.m */,
				F75EB6831F96F9A100CBCA7C /* ReceiveMsgCell.h */,
				F75EB6841F96F9A100CBCA7C /* ReceiveMsgCell.m */,
				F76AD85C1F973E9E00BA88D3 /* HotJobCell.h */,
				F76AD85B1F973E9E00BA88D3 /* HotJobCell.m */,
				F76AD85E1F97403400BA88D3 /* PlaceView.h */,
				F76AD85F1F97403400BA88D3 /* PlaceView.m */,
				F76AD8611F97452400BA88D3 /* SearchUITableView.h */,
				F76AD8621F97452500BA88D3 /* SearchUITableView.m */,
				F76AD8671F97520500BA88D3 /* ResumeSearchResultCell.h */,
				F76AD8681F97520500BA88D3 /* ResumeSearchResultCell.m */,
				F71C042A1F983ABD0024C1EC /* ChatWantedCell.h */,
				F71C042B1F983ABD0024C1EC /* ChatWantedCell.m */,
				F75647961F99C3060060E744 /* JobDetailCell.h */,
				F75647951F99C3060060E744 /* JobDetailCell.m */,
				F71C044A1F98A8AB0024C1EC /* ContactManageCell.h */,
				F71C044B1F98A8AB0024C1EC /* ContactManageCell.m */,
				F75647801F99865A0060E744 /* AddContactCell.h */,
				F75647811F99865A0060E744 /* AddContactCell.m */,
			);
			path = View;
			sourceTree = "<group>";
		};
		F766D8FF1F95AA98004C74F0 /* MJCSlideInterface */ = {
			isa = PBXGroup;
			children = (
				F766D9001F95AA98004C74F0 /* childs */,
				F766D9091F95AA98004C74F0 /* common */,
				F766D9181F95AA98004C74F0 /* MJCSegmentInterface.h */,
				F766D9191F95AA98004C74F0 /* MJCSegmentInterface.m */,
			);
			path = MJCSlideInterface;
			sourceTree = "<group>";
		};
		F766D9001F95AA98004C74F0 /* childs */ = {
			isa = PBXGroup;
			children = (
				F766D9011F95AA98004C74F0 /* MJCChildMainView.h */,
				F766D9021F95AA98004C74F0 /* MJCChildMainView.m */,
				F766D9031F95AA98004C74F0 /* MJCIndicatorView.h */,
				F766D9041F95AA98004C74F0 /* MJCIndicatorView.m */,
				F766D9051F95AA98004C74F0 /* MJCTabItem.h */,
				F766D9061F95AA98004C74F0 /* MJCTabItem.m */,
				F766D9071F95AA98004C74F0 /* MJCTitlesView.h */,
				F766D9081F95AA98004C74F0 /* MJCTitlesView.m */,
			);
			path = childs;
			sourceTree = "<group>";
		};
		F766D9091F95AA98004C74F0 /* common */ = {
			isa = PBXGroup;
			children = (
				F766D90A1F95AA98004C74F0 /* MJCAlertMessage.h */,
				F766D90B1F95AA98004C74F0 /* MJCAlertMessage.m */,
				F766D90C1F95AA98004C74F0 /* MJCCommonTools.h */,
				F766D90D1F95AA98004C74F0 /* MJCCommonTools.m */,
				F766D90E1F95AA98004C74F0 /* MJCOrdinaryLayout.h */,
				F766D90F1F95AA98004C74F0 /* MJCOrdinaryLayout.m */,
				F766D9101F95AA98004C74F0 /* UIButton+MJCClassExtension.h */,
				F766D9111F95AA98004C74F0 /* UIButton+MJCClassExtension.m */,
				F766D9121F95AA98004C74F0 /* UIColor+MJCClassExtension.h */,
				F766D9131F95AA98004C74F0 /* UIColor+MJCClassExtension.m */,
				F766D9141F95AA98004C74F0 /* UILabel+MJCClassExtension.h */,
				F766D9151F95AA98004C74F0 /* UILabel+MJCClassExtension.m */,
				F766D9161F95AA98004C74F0 /* UIView+MJCClassExtension.h */,
				F766D9171F95AA98004C74F0 /* UIView+MJCClassExtension.m */,
			);
			path = common;
			sourceTree = "<group>";
		};
		F78871011F9DB309008CDD52 /* Model */ = {
			isa = PBXGroup;
			children = (
				F78871021F9DB32C008CDD52 /* ContactModel.h */,
				F78871031F9DB32C008CDD52 /* ContactModel.m */,
			);
			path = Model;
			sourceTree = "<group>";
		};
		F78D93721F9204B800E0DCA9 /* AFNetworking_RequestData */ = {
			isa = PBXGroup;
			children = (
				F78D93731F9204B800E0DCA9 /* AFNetworking_RequestData.h */,
				F78D93741F9204B800E0DCA9 /* AFNetworking_RequestData.m */,
			);
			path = AFNetworking_RequestData;
			sourceTree = "<group>";
		};
		F78D93791F92055B00E0DCA9 /* 约聊 */ = {
			isa = PBXGroup;
			children = (
				F78D93921F9206A700E0DCA9 /* ChatVC.h */,
				F78D93931F9206A700E0DCA9 /* ChatVC.m */,
			);
			path = "约聊";
			sourceTree = "<group>";
		};
		F78D937A1F92055E00E0DCA9 /* 简历管理 */ = {
			isa = PBXGroup;
			children = (
				F78871011F9DB309008CDD52 /* Model */,
				F705A7E61F949B4100298D57 /* ControllView */,
				F766D8EA1F958D30004C74F0 /* View */,
			);
			path = "简历管理";
			sourceTree = "<group>";
		};
		F78D937B1F92056400E0DCA9 /* 发布职位 */ = {
			isa = PBXGroup;
			children = (
				F75BD6601F94883B00433133 /* ControllView */,
				F75BD6621F94885400433133 /* View */,
				F75BD6611F94885200433133 /* Model */,
			);
			path = "发布职位";
			sourceTree = "<group>";
		};
		F78D937C1F92056600E0DCA9 /* 首页 */ = {
			isa = PBXGroup;
			children = (
				F766D8F31F959820004C74F0 /* ControllView */,
				F766D8F81F959F86004C74F0 /* View */,
				F766D8F71F959F86004C74F0 /* Model */,
			);
			path = "首页";
			sourceTree = "<group>";
		};
		F78D93951F9206C400E0DCA9 /* 登录注册 */ = {
			isa = PBXGroup;
			children = (
				F766D9451F95E412004C74F0 /* LoginVC.h */,
				F766D9461F95E413004C74F0 /* LoginVC.m */,
				F766D9431F95E405004C74F0 /* RegisterVC.h */,
				F766D9421F95E405004C74F0 /* RegisterVC.m */,
				F74F989F1FA069470027C418 /* ForgetPasswordVC.h */,
				F74F98A01FA069470027C418 /* ForgetPasswordVC.m */,
				F766D94B1F95F9C4004C74F0 /* PersonalMessageVC.h */,
				F766D94C1F95F9C4004C74F0 /* PersonalMessageVC.m */,
				F766D9491F95F597004C74F0 /* PersonalMessageCell.h */,
				F766D9481F95F597004C74F0 /* PersonalMessageCell.m */,
				F78871051F9DD959008CDD52 /* CompanyAddressVC.h */,
				F78871061F9DD959008CDD52 /* CompanyAddressVC.m */,
				F76512991F9EEA1600BF80D9 /* NearbyAddressCell.h */,
				F765129A1F9EEA1600BF80D9 /* NearbyAddressCell.m */,
				F765129C1F9F0BB100BF80D9 /* AddressSearchVC.h */,
				F765129D1F9F0BB100BF80D9 /* AddressSearchVC.m */,
				F74F98991FA027D20027C418 /* CompanyintroduceVC.h */,
				F74F989A1FA027D20027C418 /* CompanyintroduceVC.m */,
				F78D93771F9204F400E0DCA9 /* PersonModel.h */,
				F78D93761F9204F200E0DCA9 /* PersonModel.m */,
			);
			path = "登录注册";
			sourceTree = "<group>";
		};
/* End PBXGroup section */

/* Begin PBXNativeTarget section */
		F74820431F91FCCA00F072CD /* RecruitmentEnterPrise */ = {
			isa = PBXNativeTarget;
			buildConfigurationList = F74820701F91FCCA00F072CD /* Build configuration list for PBXNativeTarget "RecruitmentEnterPrise" */;
			buildPhases = (
				F850F7407492B80AE25692DF /* [CP] Check Pods Manifest.lock */,
				F74820401F91FCCA00F072CD /* Sources */,
				F74820411F91FCCA00F072CD /* Frameworks */,
				F74820421F91FCCA00F072CD /* Resources */,
				9DE302F5F0C4127BAA1AE23B /* [CP] Embed Pods Frameworks */,
				CBF58DD0F69E414B94B49190 /* [CP] Copy Pods Resources */,
			);
			buildRules = (
			);
			dependencies = (
			);
			name = RecruitmentEnterPrise;
			productName = RecruitmentEnterPrise;
			productReference = F74820441F91FCCA00F072CD /* RecruitmentEnterPrise.app */;
			productType = "com.apple.product-type.application";
		};
		F748205B1F91FCCA00F072CD /* RecruitmentEnterPriseTests */ = {
			isa = PBXNativeTarget;
			buildConfigurationList = F74820731F91FCCA00F072CD /* Build configuration list for PBXNativeTarget "RecruitmentEnterPriseTests" */;
			buildPhases = (
				F74820581F91FCCA00F072CD /* Sources */,
				F74820591F91FCCA00F072CD /* Frameworks */,
				F748205A1F91FCCA00F072CD /* Resources */,
			);
			buildRules = (
			);
			dependencies = (
				F748205E1F91FCCA00F072CD /* PBXTargetDependency */,
			);
			name = RecruitmentEnterPriseTests;
			productName = RecruitmentEnterPriseTests;
			productReference = F748205C1F91FCCA00F072CD /* RecruitmentEnterPriseTests.xctest */;
			productType = "com.apple.product-type.bundle.unit-test";
		};
		F74820661F91FCCA00F072CD /* RecruitmentEnterPriseUITests */ = {
			isa = PBXNativeTarget;
			buildConfigurationList = F74820761F91FCCA00F072CD /* Build configuration list for PBXNativeTarget "RecruitmentEnterPriseUITests" */;
			buildPhases = (
				F74820631F91FCCA00F072CD /* Sources */,
				F74820641F91FCCA00F072CD /* Frameworks */,
				F74820651F91FCCA00F072CD /* Resources */,
			);
			buildRules = (
			);
			dependencies = (
				F74820691F91FCCA00F072CD /* PBXTargetDependency */,
			);
			name = RecruitmentEnterPriseUITests;
			productName = RecruitmentEnterPriseUITests;
			productReference = F74820671F91FCCA00F072CD /* RecruitmentEnterPriseUITests.xctest */;
			productType = "com.apple.product-type.bundle.ui-testing";
		};
/* End PBXNativeTarget section */

/* Begin PBXProject section */
		F748203C1F91FCCA00F072CD /* Project object */ = {
			isa = PBXProject;
			attributes = {
				LastUpgradeCheck = 0900;
				ORGANIZATIONNAME = ZhangWeiLiang;
				TargetAttributes = {
					F74820431F91FCCA00F072CD = {
						CreatedOnToolsVersion = 9.0;
						ProvisioningStyle = Automatic;
					};
					F748205B1F91FCCA00F072CD = {
						CreatedOnToolsVersion = 9.0;
						ProvisioningStyle = Automatic;
						TestTargetID = F74820431F91FCCA00F072CD;
					};
					F74820661F91FCCA00F072CD = {
						CreatedOnToolsVersion = 9.0;
						ProvisioningStyle = Automatic;
						TestTargetID = F74820431F91FCCA00F072CD;
					};
				};
			};
			buildConfigurationList = F748203F1F91FCCA00F072CD /* Build configuration list for PBXProject "RecruitmentEnterPrise" */;
			compatibilityVersion = "Xcode 8.0";
			developmentRegion = en;
			hasScannedForEncodings = 0;
			knownRegions = (
				en,
				Base,
			);
			mainGroup = F748203B1F91FCCA00F072CD;
			productRefGroup = F74820451F91FCCA00F072CD /* Products */;
			projectDirPath = "";
			projectRoot = "";
			targets = (
				F74820431F91FCCA00F072CD /* RecruitmentEnterPrise */,
				F748205B1F91FCCA00F072CD /* RecruitmentEnterPriseTests */,
				F74820661F91FCCA00F072CD /* RecruitmentEnterPriseUITests */,
			);
		};
/* End PBXProject section */

/* Begin PBXResourcesBuildPhase section */
		F74820421F91FCCA00F072CD /* Resources */ = {
			isa = PBXResourcesBuildPhase;
			buildActionMask = 2147483647;
			files = (
				F74820541F91FCCA00F072CD /* LaunchScreen.storyboard in Resources */,
				F74820511F91FCCA00F072CD /* Assets.xcassets in Resources */,
				F748204F1F91FCCA00F072CD /* Main.storyboard in Resources */,
				F74820C51F91FE8B00F072CD /* BRCity.plist in Resources */,
			);
			runOnlyForDeploymentPostprocessing = 0;
		};
		F748205A1F91FCCA00F072CD /* Resources */ = {
			isa = PBXResourcesBuildPhase;
			buildActionMask = 2147483647;
			files = (
			);
			runOnlyForDeploymentPostprocessing = 0;
		};
		F74820651F91FCCA00F072CD /* Resources */ = {
			isa = PBXResourcesBuildPhase;
			buildActionMask = 2147483647;
			files = (
			);
			runOnlyForDeploymentPostprocessing = 0;
		};
/* End PBXResourcesBuildPhase section */

/* Begin PBXShellScriptBuildPhase section */
		9DE302F5F0C4127BAA1AE23B /* [CP] Embed Pods Frameworks */ = {
			isa = PBXShellScriptBuildPhase;
			buildActionMask = 2147483647;
			files = (
			);
			inputPaths = (
			);
			name = "[CP] Embed Pods Frameworks";
			outputPaths = (
			);
			runOnlyForDeploymentPostprocessing = 0;
			shellPath = /bin/sh;
			shellScript = "\"${SRCROOT}/Pods/Target Support Files/Pods-RecruitmentEnterPrise/Pods-RecruitmentEnterPrise-frameworks.sh\"\n";
			showEnvVarsInLog = 0;
		};
		CBF58DD0F69E414B94B49190 /* [CP] Copy Pods Resources */ = {
			isa = PBXShellScriptBuildPhase;
			buildActionMask = 2147483647;
			files = (
			);
			inputPaths = (
				"${SRCROOT}/Pods/Target Support Files/Pods-RecruitmentEnterPrise/Pods-RecruitmentEnterPrise-resources.sh",
				"${PODS_ROOT}/BaiduMapKit/BaiduMapKit/BaiduMapAPI_Map.framework/Resources/mapapi.bundle",
				"${PODS_ROOT}/IQKeyboardManager/IQKeyboardManager/Resources/IQKeyboardManager.bundle",
				"${PODS_ROOT}/MJRefresh/MJRefresh/MJRefresh.bundle",
				"${PODS_ROOT}/SVProgressHUD/SVProgressHUD/SVProgressHUD.bundle",
			);
			name = "[CP] Copy Pods Resources";
			outputPaths = (
				"${TARGET_BUILD_DIR}/${UNLOCALIZED_RESOURCES_FOLDER_PATH}",
			);
			runOnlyForDeploymentPostprocessing = 0;
			shellPath = /bin/sh;
			shellScript = "\"${SRCROOT}/Pods/Target Support Files/Pods-RecruitmentEnterPrise/Pods-RecruitmentEnterPrise-resources.sh\"\n";
			showEnvVarsInLog = 0;
		};
		F850F7407492B80AE25692DF /* [CP] Check Pods Manifest.lock */ = {
			isa = PBXShellScriptBuildPhase;
			buildActionMask = 2147483647;
			files = (
			);
			inputPaths = (
				"${PODS_PODFILE_DIR_PATH}/Podfile.lock",
				"${PODS_ROOT}/Manifest.lock",
			);
			name = "[CP] Check Pods Manifest.lock";
			outputPaths = (
				"$(DERIVED_FILE_DIR)/Pods-RecruitmentEnterPrise-checkManifestLockResult.txt",
			);
			runOnlyForDeploymentPostprocessing = 0;
			shellPath = /bin/sh;
			shellScript = "diff \"${PODS_PODFILE_DIR_PATH}/Podfile.lock\" \"${PODS_ROOT}/Manifest.lock\" > /dev/null\nif [ $? != 0 ] ; then\n    # print error to STDERR\n    echo \"error: The sandbox is not in sync with the Podfile.lock. Run 'pod install' or update your CocoaPods installation.\" >&2\n    exit 1\nfi\n# This output is used by Xcode 'outputs' to avoid re-running this script phase.\necho \"SUCCESS\" > \"${SCRIPT_OUTPUT_FILE_0}\"\n";
			showEnvVarsInLog = 0;
		};
/* End PBXShellScriptBuildPhase section */

/* Begin PBXSourcesBuildPhase section */
		F74820401F91FCCA00F072CD /* Sources */ = {
			isa = PBXSourcesBuildPhase;
			buildActionMask = 2147483647;
			files = (
				F71C042C1F983ABD0024C1EC /* ChatWantedCell.m in Sources */,
				F74820CA1F91FE8B00F072CD /* InfoCache.m in Sources */,
				F766D9241F95AA99004C74F0 /* UIView+MJCClassExtension.m in Sources */,
				F766D9471F95E413004C74F0 /* LoginVC.m in Sources */,
				F766D9441F95E405004C74F0 /* RegisterVC.m in Sources */,
				F78D93881F92064A00E0DCA9 /* BaseViewController.m in Sources */,
				F766D8ED1F958D43004C74F0 /* JobCell.m in Sources */,
				F75647821F99865A0060E744 /* AddContactCell.m in Sources */,
				F766D91B1F95AA99004C74F0 /* MJCIndicatorView.m in Sources */,
				F766D9221F95AA99004C74F0 /* UIColor+MJCClassExtension.m in Sources */,
				F71C044C1F98A8AB0024C1EC /* ContactManageCell.m in Sources */,
				F74F989E1FA057120027C418 /* UILabel+WLAttributedString.m in Sources */,
				F74820C81F91FE8B00F072CD /* NSDate+BRAdd.m in Sources */,
				F705A7E01F948EC200298D57 /* ReleaseJobModel.m in Sources */,
				F74820DB1F91FE8B00F072CD /* UIViewController+UIViewControllerExt.m in Sources */,
				F78D93871F92064A00E0DCA9 /* TabBarController.m in Sources */,
				F74820DA1F91FE8B00F072CD /* UIImage+UIImageExt.m in Sources */,
				F766D91A1F95AA99004C74F0 /* MJCChildMainView.m in Sources */,
				F78D93911F92069D00E0DCA9 /* ResumeManage1VC.m in Sources */,
				F75EB6821F96F64100CBCA7C /* SendMsgVC.m in Sources */,
				F705A7DD1F9488EE00298D57 /* ReleaseJobCell.m in Sources */,
				F75647941F99C2C40060E744 /* CompanyDetailVC.m in Sources */,
				F75647851F998A0E0060E744 /* AddContactModel.m in Sources */,
				F71C04291F9839690024C1EC /* ChatWantedVC.m in Sources */,
				F766D91D1F95AA99004C74F0 /* MJCTitlesView.m in Sources */,
				F766D9231F95AA99004C74F0 /* UILabel+MJCClassExtension.m in Sources */,
				F74820571F91FCCA00F072CD /* main.m in Sources */,
				F75EB6881F9722CC00CBCA7C /* ResumeSearchVC.m in Sources */,
				F756479A1F99C3920060E744 /* JobModel.m in Sources */,
				F71C043D1F988C450024C1EC /* OtherVC.m in Sources */,
				F765129B1F9EEA1600BF80D9 /* NearbyAddressCell.m in Sources */,
				F78D93781F9204F400E0DCA9 /* PersonModel.m in Sources */,
				F74F98A11FA069470027C418 /* ForgetPasswordVC.m in Sources */,
				F75BA9301F9AD1B00083E448 /* ZFShareView.m in Sources */,
				F74820DE1F91FE8B00F072CD /* ZXPUnicode.m in Sources */,
				F74820C91F91FE8B00F072CD /* BRStringPickerView.m in Sources */,
				F74820C71F91FE8B00F072CD /* BRDatePickerView.m in Sources */,
				F75647971F99C3060060E744 /* JobDetailCell.m in Sources */,
				F74820D91F91FE8B00F072CD /* UITableView+EmptyData.m in Sources */,
				F75647911F99BC490060E744 /* EditHeadImgVC.m in Sources */,
				F766D94D1F95F9C4004C74F0 /* PersonalMessageVC.m in Sources */,
				F78D93751F9204B800E0DCA9 /* AFNetworking_RequestData.m in Sources */,
				F766D8FE1F95A111004C74F0 /* JobManageVC.m in Sources */,
				F74820D81F91FE8B00F072CD /* NSStringExt.m in Sources */,
				F74820DD1F91FE8B00F072CD /* UIColor+Expend.m in Sources */,
				F766D91F1F95AA99004C74F0 /* MJCCommonTools.m in Sources */,
				F78871071F9DD959008CDD52 /* CompanyAddressVC.m in Sources */,
				F766D91E1F95AA99004C74F0 /* MJCAlertMessage.m in Sources */,
				F76AD8691F97520500BA88D3 /* ResumeSearchResultCell.m in Sources */,
				F74820C31F91FE8B00F072CD /* BRAddressModel.m in Sources */,
				F75BD65C1F947F2B00433133 /* CDTabBar.m in Sources */,
				F705A7DA1F9488C500298D57 /* ReleaseJobVC.m in Sources */,
				F76AD8601F97403400BA88D3 /* PlaceView.m in Sources */,
				F76AD8631F97452500BA88D3 /* SearchUITableView.m in Sources */,
				F765129E1F9F0BB100BF80D9 /* AddressSearchVC.m in Sources */,
				F74820CE1F91FE8B00F072CD /* RegexTool.m in Sources */,
				F74820C41F91FE8B00F072CD /* BRAddressPickerView.m in Sources */,
				F75EB6791F96EC2200CBCA7C /* WordsVC.m in Sources */,
				F766D9311F95AB2C004C74F0 /* ResumeCollectionVC.m in Sources */,
				F74820491F91FCCA00F072CD /* AppDelegate.m in Sources */,
				F75EB6761F96E94C00CBCA7C /* InviteInterviewRecordVC.m in Sources */,
				F71C04461F98A5A80024C1EC /* ChangeInfoVC.m in Sources */,
				F75647881F9993960060E744 /* ChangePasswordVC.m in Sources */,
				F78D93941F9206A700E0DCA9 /* ChatVC.m in Sources */,
				F78870FA1F9D84AA008CDD52 /* InviteInterviewVC.m in Sources */,
				F71C04491F98A8790024C1EC /* ContactManageVC.m in Sources */,
				F74820DC1F91FE8B00F072CD /* UIViewExt.m in Sources */,
				F756478E1F999E140060E744 /* BaseMessageVC.m in Sources */,
				F766D9201F95AA99004C74F0 /* MJCOrdinaryLayout.m in Sources */,
				F76AD85D1F973E9E00BA88D3 /* HotJobCell.m in Sources */,
				F75EB67C1F96F61500CBCA7C /* MyMailboxVC.m in Sources */,
				F766D93A1F95C880004C74F0 /* ResumeManageVC.m in Sources */,
				F766D92B1F95AB02004C74F0 /* ResumeCheckedVC.m in Sources */,
				F78D93861F92064A00E0DCA9 /* NavigationController.m in Sources */,
				F78D938B1F92067900E0DCA9 /* HomeVC.m in Sources */,
				F74F98A41FA07CDB0027C418 /* CountDownServer.m in Sources */,
				F71C043A1F98793C0024C1EC /* SettingVC.m in Sources */,
				F76AD8661F97515700BA88D3 /* ResumeSearchResultVC.m in Sources */,
				F75BA9311F9AD1B00083E448 /* ZFTableViewCell.m in Sources */,
				F75EB6851F96F9A100CBCA7C /* ReceiveMsgCell.m in Sources */,
				F756478B1F9997F40060E744 /* CountMessageVC.m in Sources */,
				F78871001F9D8D0D008CDD52 /* InviteInterviewCell.m in Sources */,
				F74820D61F91FE8B00F072CD /* UIView+Toast.m in Sources */,
				F766D94A1F95F597004C74F0 /* PersonalMessageCell.m in Sources */,
				F766D9281F95AABF004C74F0 /* ResumeReceiveVC.m in Sources */,
				F766D93D1F95CBE2004C74F0 /* ResumeReceiveCell.m in Sources */,
				F756477F1F9986460060E744 /* AddContactVC.m in Sources */,
				F75EB67F1F96F62E00CBCA7C /* ReceiveMsgVC.m in Sources */,
				F74F989B1FA027D20027C418 /* CompanyintroduceVC.m in Sources */,
				F705A7E31F94985500298D57 /* BasePresentViewController.m in Sources */,
				F766D92E1F95AB1D004C74F0 /* ResumeLookedVC.m in Sources */,
				F78871041F9DB32C008CDD52 /* ContactModel.m in Sources */,
				F75BD65F1F94866800433133 /* ReleaseJob1VC.m in Sources */,
				F766D9211F95AA99004C74F0 /* UIButton+MJCClassExtension.m in Sources */,
				F74820C61F91FE8B00F072CD /* BaseView.m in Sources */,
				F766D9251F95AA99004C74F0 /* MJCSegmentInterface.m in Sources */,
				F766D91C1F95AA99004C74F0 /* MJCTabItem.m in Sources */,
			);
			runOnlyForDeploymentPostprocessing = 0;
		};
		F74820581F91FCCA00F072CD /* Sources */ = {
			isa = PBXSourcesBuildPhase;
			buildActionMask = 2147483647;
			files = (
				F74820611F91FCCA00F072CD /* RecruitmentEnterPriseTests.m in Sources */,
			);
			runOnlyForDeploymentPostprocessing = 0;
		};
		F74820631F91FCCA00F072CD /* Sources */ = {
			isa = PBXSourcesBuildPhase;
			buildActionMask = 2147483647;
			files = (
				F748206C1F91FCCA00F072CD /* RecruitmentEnterPriseUITests.m in Sources */,
			);
			runOnlyForDeploymentPostprocessing = 0;
		};
/* End PBXSourcesBuildPhase section */

/* Begin PBXTargetDependency section */
		F748205E1F91FCCA00F072CD /* PBXTargetDependency */ = {
			isa = PBXTargetDependency;
			target = F74820431F91FCCA00F072CD /* RecruitmentEnterPrise */;
			targetProxy = F748205D1F91FCCA00F072CD /* PBXContainerItemProxy */;
		};
		F74820691F91FCCA00F072CD /* PBXTargetDependency */ = {
			isa = PBXTargetDependency;
			target = F74820431F91FCCA00F072CD /* RecruitmentEnterPrise */;
			targetProxy = F74820681F91FCCA00F072CD /* PBXContainerItemProxy */;
		};
/* End PBXTargetDependency section */

/* Begin PBXVariantGroup section */
		F748204D1F91FCCA00F072CD /* Main.storyboard */ = {
			isa = PBXVariantGroup;
			children = (
				F748204E1F91FCCA00F072CD /* Base */,
			);
			name = Main.storyboard;
			sourceTree = "<group>";
		};
		F74820521F91FCCA00F072CD /* LaunchScreen.storyboard */ = {
			isa = PBXVariantGroup;
			children = (
				F74820531F91FCCA00F072CD /* Base */,
			);
			name = LaunchScreen.storyboard;
			sourceTree = "<group>";
		};
/* End PBXVariantGroup section */

/* Begin XCBuildConfiguration section */
		F748206E1F91FCCA00F072CD /* Debug */ = {
			isa = XCBuildConfiguration;
			buildSettings = {
				ALWAYS_SEARCH_USER_PATHS = NO;
				CLANG_ANALYZER_NONNULL = YES;
				CLANG_ANALYZER_NUMBER_OBJECT_CONVERSION = YES_AGGRESSIVE;
				CLANG_CXX_LANGUAGE_STANDARD = "gnu++14";
				CLANG_CXX_LIBRARY = "libc++";
				CLANG_ENABLE_MODULES = YES;
				CLANG_ENABLE_OBJC_ARC = YES;
				CLANG_WARN_BLOCK_CAPTURE_AUTORELEASING = YES;
				CLANG_WARN_BOOL_CONVERSION = YES;
				CLANG_WARN_COMMA = YES;
				CLANG_WARN_CONSTANT_CONVERSION = YES;
				CLANG_WARN_DIRECT_OBJC_ISA_USAGE = YES_ERROR;
				CLANG_WARN_DOCUMENTATION_COMMENTS = YES;
				CLANG_WARN_EMPTY_BODY = YES;
				CLANG_WARN_ENUM_CONVERSION = YES;
				CLANG_WARN_INFINITE_RECURSION = YES;
				CLANG_WARN_INT_CONVERSION = YES;
				CLANG_WARN_NON_LITERAL_NULL_CONVERSION = YES;
				CLANG_WARN_OBJC_LITERAL_CONVERSION = YES;
				CLANG_WARN_OBJC_ROOT_CLASS = YES_ERROR;
				CLANG_WARN_RANGE_LOOP_ANALYSIS = YES;
				CLANG_WARN_STRICT_PROTOTYPES = YES;
				CLANG_WARN_SUSPICIOUS_MOVE = YES;
				CLANG_WARN_UNGUARDED_AVAILABILITY = YES_AGGRESSIVE;
				CLANG_WARN_UNREACHABLE_CODE = YES;
				CLANG_WARN__DUPLICATE_METHOD_MATCH = YES;
				CODE_SIGN_IDENTITY = "iPhone Developer";
				COPY_PHASE_STRIP = NO;
				DEBUG_INFORMATION_FORMAT = dwarf;
				ENABLE_STRICT_OBJC_MSGSEND = YES;
				ENABLE_TESTABILITY = YES;
				GCC_C_LANGUAGE_STANDARD = gnu11;
				GCC_DYNAMIC_NO_PIC = NO;
				GCC_NO_COMMON_BLOCKS = YES;
				GCC_OPTIMIZATION_LEVEL = 0;
				GCC_PREPROCESSOR_DEFINITIONS = (
					"DEBUG=1",
					"$(inherited)",
				);
				GCC_WARN_64_TO_32_BIT_CONVERSION = YES;
				GCC_WARN_ABOUT_RETURN_TYPE = YES_ERROR;
				GCC_WARN_UNDECLARED_SELECTOR = YES;
				GCC_WARN_UNINITIALIZED_AUTOS = YES_AGGRESSIVE;
				GCC_WARN_UNUSED_FUNCTION = YES;
				GCC_WARN_UNUSED_VARIABLE = YES;
				IPHONEOS_DEPLOYMENT_TARGET = 11.0;
				MTL_ENABLE_DEBUG_INFO = YES;
				ONLY_ACTIVE_ARCH = YES;
				SDKROOT = iphoneos;
			};
			name = Debug;
		};
		F748206F1F91FCCA00F072CD /* Release */ = {
			isa = XCBuildConfiguration;
			buildSettings = {
				ALWAYS_SEARCH_USER_PATHS = NO;
				CLANG_ANALYZER_NONNULL = YES;
				CLANG_ANALYZER_NUMBER_OBJECT_CONVERSION = YES_AGGRESSIVE;
				CLANG_CXX_LANGUAGE_STANDARD = "gnu++14";
				CLANG_CXX_LIBRARY = "libc++";
				CLANG_ENABLE_MODULES = YES;
				CLANG_ENABLE_OBJC_ARC = YES;
				CLANG_WARN_BLOCK_CAPTURE_AUTORELEASING = YES;
				CLANG_WARN_BOOL_CONVERSION = YES;
				CLANG_WARN_COMMA = YES;
				CLANG_WARN_CONSTANT_CONVERSION = YES;
				CLANG_WARN_DIRECT_OBJC_ISA_USAGE = YES_ERROR;
				CLANG_WARN_DOCUMENTATION_COMMENTS = YES;
				CLANG_WARN_EMPTY_BODY = YES;
				CLANG_WARN_ENUM_CONVERSION = YES;
				CLANG_WARN_INFINITE_RECURSION = YES;
				CLANG_WARN_INT_CONVERSION = YES;
				CLANG_WARN_NON_LITERAL_NULL_CONVERSION = YES;
				CLANG_WARN_OBJC_LITERAL_CONVERSION = YES;
				CLANG_WARN_OBJC_ROOT_CLASS = YES_ERROR;
				CLANG_WARN_RANGE_LOOP_ANALYSIS = YES;
				CLANG_WARN_STRICT_PROTOTYPES = YES;
				CLANG_WARN_SUSPICIOUS_MOVE = YES;
				CLANG_WARN_UNGUARDED_AVAILABILITY = YES_AGGRESSIVE;
				CLANG_WARN_UNREACHABLE_CODE = YES;
				CLANG_WARN__DUPLICATE_METHOD_MATCH = YES;
				CODE_SIGN_IDENTITY = "iPhone Developer";
				COPY_PHASE_STRIP = NO;
				DEBUG_INFORMATION_FORMAT = "dwarf-with-dsym";
				ENABLE_NS_ASSERTIONS = NO;
				ENABLE_STRICT_OBJC_MSGSEND = YES;
				GCC_C_LANGUAGE_STANDARD = gnu11;
				GCC_NO_COMMON_BLOCKS = YES;
				GCC_WARN_64_TO_32_BIT_CONVERSION = YES;
				GCC_WARN_ABOUT_RETURN_TYPE = YES_ERROR;
				GCC_WARN_UNDECLARED_SELECTOR = YES;
				GCC_WARN_UNINITIALIZED_AUTOS = YES_AGGRESSIVE;
				GCC_WARN_UNUSED_FUNCTION = YES;
				GCC_WARN_UNUSED_VARIABLE = YES;
				IPHONEOS_DEPLOYMENT_TARGET = 11.0;
				MTL_ENABLE_DEBUG_INFO = NO;
				SDKROOT = iphoneos;
				VALIDATE_PRODUCT = YES;
			};
			name = Release;
		};
		F74820711F91FCCA00F072CD /* Debug */ = {
			isa = XCBuildConfiguration;
			baseConfigurationReference = ED42DDDA9E94D49555C9D932 /* Pods-RecruitmentEnterPrise.debug.xcconfig */;
			buildSettings = {
				ASSETCATALOG_COMPILER_APPICON_NAME = AppIcon;
				CODE_SIGN_STYLE = Automatic;
				DEVELOPMENT_TEAM = D59VU3JG9L;
				GCC_PRECOMPILE_PREFIX_HEADER = YES;
				GCC_PREFIX_HEADER = "$(SRCROOT)/RecruitmentEnterPrise/RecruitmentEnterPrise.pch";
				INFOPLIST_FILE = RecruitmentEnterPrise/Info.plist;
				IPHONEOS_DEPLOYMENT_TARGET = 8.0;
				LD_RUNPATH_SEARCH_PATHS = "$(inherited) @executable_path/Frameworks";
				PRODUCT_BUNDLE_IDENTIFIER = com.HongHu.RecruitmentEnterPrise;
				PRODUCT_NAME = "$(TARGET_NAME)";
				TARGETED_DEVICE_FAMILY = "1,2";
			};
			name = Debug;
		};
		F74820721F91FCCA00F072CD /* Release */ = {
			isa = XCBuildConfiguration;
			baseConfigurationReference = EED2D2ECB8E0F197D3396C4F /* Pods-RecruitmentEnterPrise.release.xcconfig */;
			buildSettings = {
				ASSETCATALOG_COMPILER_APPICON_NAME = AppIcon;
				CODE_SIGN_STYLE = Automatic;
				DEVELOPMENT_TEAM = D59VU3JG9L;
				GCC_PRECOMPILE_PREFIX_HEADER = YES;
				GCC_PREFIX_HEADER = "$(SRCROOT)/RecruitmentEnterPrise/RecruitmentEnterPrise.pch";
				INFOPLIST_FILE = RecruitmentEnterPrise/Info.plist;
				IPHONEOS_DEPLOYMENT_TARGET = 8.0;
				LD_RUNPATH_SEARCH_PATHS = "$(inherited) @executable_path/Frameworks";
				PRODUCT_BUNDLE_IDENTIFIER = com.HongHu.RecruitmentEnterPrise;
				PRODUCT_NAME = "$(TARGET_NAME)";
				TARGETED_DEVICE_FAMILY = "1,2";
			};
			name = Release;
		};
		F74820741F91FCCA00F072CD /* Debug */ = {
			isa = XCBuildConfiguration;
			buildSettings = {
				BUNDLE_LOADER = "$(TEST_HOST)";
				CODE_SIGN_STYLE = Automatic;
				DEVELOPMENT_TEAM = D59VU3JG9L;
				INFOPLIST_FILE = RecruitmentEnterPriseTests/Info.plist;
				LD_RUNPATH_SEARCH_PATHS = "$(inherited) @executable_path/Frameworks @loader_path/Frameworks";
				PRODUCT_BUNDLE_IDENTIFIER = com.HongHu.RecruitmentEnterPriseTests;
				PRODUCT_NAME = "$(TARGET_NAME)";
				TARGETED_DEVICE_FAMILY = "1,2";
				TEST_HOST = "$(BUILT_PRODUCTS_DIR)/RecruitmentEnterPrise.app/RecruitmentEnterPrise";
			};
			name = Debug;
		};
		F74820751F91FCCA00F072CD /* Release */ = {
			isa = XCBuildConfiguration;
			buildSettings = {
				BUNDLE_LOADER = "$(TEST_HOST)";
				CODE_SIGN_STYLE = Automatic;
				DEVELOPMENT_TEAM = D59VU3JG9L;
				INFOPLIST_FILE = RecruitmentEnterPriseTests/Info.plist;
				LD_RUNPATH_SEARCH_PATHS = "$(inherited) @executable_path/Frameworks @loader_path/Frameworks";
				PRODUCT_BUNDLE_IDENTIFIER = com.HongHu.RecruitmentEnterPriseTests;
				PRODUCT_NAME = "$(TARGET_NAME)";
				TARGETED_DEVICE_FAMILY = "1,2";
				TEST_HOST = "$(BUILT_PRODUCTS_DIR)/RecruitmentEnterPrise.app/RecruitmentEnterPrise";
			};
			name = Release;
		};
		F74820771F91FCCA00F072CD /* Debug */ = {
			isa = XCBuildConfiguration;
			buildSettings = {
				CODE_SIGN_STYLE = Automatic;
				DEVELOPMENT_TEAM = D59VU3JG9L;
				INFOPLIST_FILE = RecruitmentEnterPriseUITests/Info.plist;
				LD_RUNPATH_SEARCH_PATHS = "$(inherited) @executable_path/Frameworks @loader_path/Frameworks";
				PRODUCT_BUNDLE_IDENTIFIER = com.HongHu.RecruitmentEnterPriseUITests;
				PRODUCT_NAME = "$(TARGET_NAME)";
				TARGETED_DEVICE_FAMILY = "1,2";
				TEST_TARGET_NAME = RecruitmentEnterPrise;
			};
			name = Debug;
		};
		F74820781F91FCCA00F072CD /* Release */ = {
			isa = XCBuildConfiguration;
			buildSettings = {
				CODE_SIGN_STYLE = Automatic;
				DEVELOPMENT_TEAM = D59VU3JG9L;
				INFOPLIST_FILE = RecruitmentEnterPriseUITests/Info.plist;
				LD_RUNPATH_SEARCH_PATHS = "$(inherited) @executable_path/Frameworks @loader_path/Frameworks";
				PRODUCT_BUNDLE_IDENTIFIER = com.HongHu.RecruitmentEnterPriseUITests;
				PRODUCT_NAME = "$(TARGET_NAME)";
				TARGETED_DEVICE_FAMILY = "1,2";
				TEST_TARGET_NAME = RecruitmentEnterPrise;
			};
			name = Release;
		};
/* End XCBuildConfiguration section */

/* Begin XCConfigurationList section */
		F748203F1F91FCCA00F072CD /* Build configuration list for PBXProject "RecruitmentEnterPrise" */ = {
			isa = XCConfigurationList;
			buildConfigurations = (
				F748206E1F91FCCA00F072CD /* Debug */,
				F748206F1F91FCCA00F072CD /* Release */,
			);
			defaultConfigurationIsVisible = 0;
			defaultConfigurationName = Release;
		};
		F74820701F91FCCA00F072CD /* Build configuration list for PBXNativeTarget "RecruitmentEnterPrise" */ = {
			isa = XCConfigurationList;
			buildConfigurations = (
				F74820711F91FCCA00F072CD /* Debug */,
				F74820721F91FCCA00F072CD /* Release */,
			);
			defaultConfigurationIsVisible = 0;
			defaultConfigurationName = Release;
		};
		F74820731F91FCCA00F072CD /* Build configuration list for PBXNativeTarget "RecruitmentEnterPriseTests" */ = {
			isa = XCConfigurationList;
			buildConfigurations = (
				F74820741F91FCCA00F072CD /* Debug */,
				F74820751F91FCCA00F072CD /* Release */,
			);
			defaultConfigurationIsVisible = 0;
			defaultConfigurationName = Release;
		};
		F74820761F91FCCA00F072CD /* Build configuration list for PBXNativeTarget "RecruitmentEnterPriseUITests" */ = {
			isa = XCConfigurationList;
			buildConfigurations = (
				F74820771F91FCCA00F072CD /* Debug */,
				F74820781F91FCCA00F072CD /* Release */,
			);
			defaultConfigurationIsVisible = 0;
			defaultConfigurationName = Release;
		};
/* End XCConfigurationList section */
	};
	rootObject = F748203C1F91FCCA00F072CD /* Project object */;
}
