// !$*UTF8*$!
{
	archiveVersion = 1;
	classes = {
	};
	objectVersion = 48;
	objects = {

/* Begin PBXBuildFile section */
		F74820491F91FCCA00F072CD /* AppDelegate.m in Sources */ = {isa = PBXBuildFile; fileRef = F74820481F91FCCA00F072CD /* AppDelegate.m */; };
		F748204C1F91FCCA00F072CD /* ViewController.m in Sources */ = {isa = PBXBuildFile; fileRef = F748204B1F91FCCA00F072CD /* ViewController.m */; };
		F748204F1F91FCCA00F072CD /* Main.storyboard in Resources */ = {isa = PBXBuildFile; fileRef = F748204D1F91FCCA00F072CD /* Main.storyboard */; };
		F74820511F91FCCA00F072CD /* Assets.xcassets in Resources */ = {isa = PBXBuildFile; fileRef = F74820501F91FCCA00F072CD /* Assets.xcassets */; };
		F74820541F91FCCA00F072CD /* LaunchScreen.storyboard in Resources */ = {isa = PBXBuildFile; fileRef = F74820521F91FCCA00F072CD /* LaunchScreen.storyboard */; };
		F74820571F91FCCA00F072CD /* main.m in Sources */ = {isa = PBXBuildFile; fileRef = F74820561F91FCCA00F072CD /* main.m */; };
		F74820611F91FCCA00F072CD /* RecruitmentEnterPriseTests.m in Sources */ = {isa = PBXBuildFile; fileRef = F74820601F91FCCA00F072CD /* RecruitmentEnterPriseTests.m */; };
		F748206C1F91FCCA00F072CD /* RecruitmentEnterPriseUITests.m in Sources */ = {isa = PBXBuildFile; fileRef = F748206B1F91FCCA00F072CD /* RecruitmentEnterPriseUITests.m */; };
/* End PBXBuildFile section */

/* Begin PBXContainerItemProxy section */
		F748205D1F91FCCA00F072CD /* PBXContainerItemProxy */ = {
			isa = PBXContainerItemProxy;
			containerPortal = F748203C1F91FCCA00F072CD /* Project object */;
			proxyType = 1;
			remoteGlobalIDString = F74820431F91FCCA00F072CD;
			remoteInfo = RecruitmentEnterPrise;
		};
		F74820681F91FCCA00F072CD /* PBXContainerItemProxy */ = {
			isa = PBXContainerItemProxy;
			containerPortal = F748203C1F91FCCA00F072CD /* Project object */;
			proxyType = 1;
			remoteGlobalIDString = F74820431F91FCCA00F072CD;
			remoteInfo = RecruitmentEnterPrise;
		};
/* End PBXContainerItemProxy section */

/* Begin PBXFileReference section */
		F74820441F91FCCA00F072CD /* RecruitmentEnterPrise.app */ = {isa = PBXFileReference; explicitFileType = wrapper.application; includeInIndex = 0; path = RecruitmentEnterPrise.app; sourceTree = BUILT_PRODUCTS_DIR; };
		F74820471F91FCCA00F072CD /* AppDelegate.h */ = {isa = PBXFileReference; lastKnownFileType = sourcecode.c.h; path = AppDelegate.h; sourceTree = "<group>"; };
		F74820481F91FCCA00F072CD /* AppDelegate.m */ = {isa = PBXFileReference; lastKnownFileType = sourcecode.c.objc; path = AppDelegate.m; sourceTree = "<group>"; };
		F748204A1F91FCCA00F072CD /* ViewController.h */ = {isa = PBXFileReference; lastKnownFileType = sourcecode.c.h; path = ViewController.h; sourceTree = "<group>"; };
		F748204B1F91FCCA00F072CD /* ViewController.m */ = {isa = PBXFileReference; lastKnownFileType = sourcecode.c.objc; path = ViewController.m; sourceTree = "<group>"; };
		F748204E1F91FCCA00F072CD /* Base */ = {isa = PBXFileReference; lastKnownFileType = file.storyboard; name = Base; path = Base.lproj/Main.storyboard; sourceTree = "<group>"; };
		F74820501F91FCCA00F072CD /* Assets.xcassets */ = {isa = PBXFileReference; lastKnownFileType = folder.assetcatalog; path = Assets.xcassets; sourceTree = "<group>"; };
		F74820531F91FCCA00F072CD /* Base */ = {isa = PBXFileReference; lastKnownFileType = file.storyboard; name = Base; path = Base.lproj/LaunchScreen.storyboard; sourceTree = "<group>"; };
		F74820551F91FCCA00F072CD /* Info.plist */ = {isa = PBXFileReference; lastKnownFileType = text.plist.xml; path = Info.plist; sourceTree = "<group>"; };
		F74820561F91FCCA00F072CD /* main.m */ = {isa = PBXFileReference; lastKnownFileType = sourcecode.c.objc; path = main.m; sourceTree = "<group>"; };
		F748205C1F91FCCA00F072CD /* RecruitmentEnterPriseTests.xctest */ = {isa = PBXFileReference; explicitFileType = wrapper.cfbundle; includeInIndex = 0; path = RecruitmentEnterPriseTests.xctest; sourceTree = BUILT_PRODUCTS_DIR; };
		F74820601F91FCCA00F072CD /* RecruitmentEnterPriseTests.m */ = {isa = PBXFileReference; lastKnownFileType = sourcecode.c.objc; path = RecruitmentEnterPriseTests.m; sourceTree = "<group>"; };
		F74820621F91FCCA00F072CD /* Info.plist */ = {isa = PBXFileReference; lastKnownFileType = text.plist.xml; path = Info.plist; sourceTree = "<group>"; };
		F74820671F91FCCA00F072CD /* RecruitmentEnterPriseUITests.xctest */ = {isa = PBXFileReference; explicitFileType = wrapper.cfbundle; includeInIndex = 0; path = RecruitmentEnterPriseUITests.xctest; sourceTree = BUILT_PRODUCTS_DIR; };
		F748206B1F91FCCA00F072CD /* RecruitmentEnterPriseUITests.m */ = {isa = PBXFileReference; lastKnownFileType = sourcecode.c.objc; path = RecruitmentEnterPriseUITests.m; sourceTree = "<group>"; };
		F748206D1F91FCCA00F072CD /* Info.plist */ = {isa = PBXFileReference; lastKnownFileType = text.plist.xml; path = Info.plist; sourceTree = "<group>"; };
/* End PBXFileReference section */

/* Begin PBXFrameworksBuildPhase section */
		F74820411F91FCCA00F072CD /* Frameworks */ = {
			isa = PBXFrameworksBuildPhase;
			buildActionMask = 2147483647;
			files = (
			);
			runOnlyForDeploymentPostprocessing = 0;
		};
		F74820591F91FCCA00F072CD /* Frameworks */ = {
			isa = PBXFrameworksBuildPhase;
			buildActionMask = 2147483647;
			files = (
			);
			runOnlyForDeploymentPostprocessing = 0;
		};
		F74820641F91FCCA00F072CD /* Frameworks */ = {
			isa = PBXFrameworksBuildPhase;
			buildActionMask = 2147483647;
			files = (
			);
			runOnlyForDeploymentPostprocessing = 0;
		};
/* End PBXFrameworksBuildPhase section */

/* Begin PBXGroup section */
		F748203B1F91FCCA00F072CD = {
			isa = PBXGroup;
			children = (
				F74820461F91FCCA00F072CD /* RecruitmentEnterPrise */,
				F748205F1F91FCCA00F072CD /* RecruitmentEnterPriseTests */,
				F748206A1F91FCCA00F072CD /* RecruitmentEnterPriseUITests */,
				F74820451F91FCCA00F072CD /* Products */,
			);
			sourceTree = "<group>";
		};
		F74820451F91FCCA00F072CD /* Products */ = {
			isa = PBXGroup;
			children = (
				F74820441F91FCCA00F072CD /* RecruitmentEnterPrise.app */,
				F748205C1F91FCCA00F072CD /* RecruitmentEnterPriseTests.xctest */,
				F74820671F91FCCA00F072CD /* RecruitmentEnterPriseUITests.xctest */,
			);
			name = Products;
			sourceTree = "<group>";
		};
		F74820461F91FCCA00F072CD /* RecruitmentEnterPrise */ = {
			isa = PBXGroup;
			children = (
				F74820471F91FCCA00F072CD /* AppDelegate.h */,
				F74820481F91FCCA00F072CD /* AppDelegate.m */,
				F748204A1F91FCCA00F072CD /* ViewController.h */,
				F748204B1F91FCCA00F072CD /* ViewController.m */,
				F748204D1F91FCCA00F072CD /* Main.storyboard */,
				F74820501F91FCCA00F072CD /* Assets.xcassets */,
				F74820521F91FCCA00F072CD /* LaunchScreen.storyboard */,
				F74820551F91FCCA00F072CD /* Info.plist */,
				F74820561F91FCCA00F072CD /* main.m */,
			);
			path = RecruitmentEnterPrise;
			sourceTree = "<group>";
		};
		F748205F1F91FCCA00F072CD /* RecruitmentEnterPriseTests */ = {
			isa = PBXGroup;
			children = (
				F74820601F91FCCA00F072CD /* RecruitmentEnterPriseTests.m */,
				F74820621F91FCCA00F072CD /* Info.plist */,
			);
			path = RecruitmentEnterPriseTests;
			sourceTree = "<group>";
		};
		F748206A1F91FCCA00F072CD /* RecruitmentEnterPriseUITests */ = {
			isa = PBXGroup;
			children = (
				F748206B1F91FCCA00F072CD /* RecruitmentEnterPriseUITests.m */,
				F748206D1F91FCCA00F072CD /* Info.plist */,
			);
			path = RecruitmentEnterPriseUITests;
			sourceTree = "<group>";
		};
/* End PBXGroup section */

/* Begin PBXNativeTarget section */
		F74820431F91FCCA00F072CD /* RecruitmentEnterPrise */ = {
			isa = PBXNativeTarget;
			buildConfigurationList = F74820701F91FCCA00F072CD /* Build configuration list for PBXNativeTarget "RecruitmentEnterPrise" */;
			buildPhases = (
				F74820401F91FCCA00F072CD /* Sources */,
				F74820411F91FCCA00F072CD /* Frameworks */,
				F74820421F91FCCA00F072CD /* Resources */,
			);
			buildRules = (
			);
			dependencies = (
			);
			name = RecruitmentEnterPrise;
			productName = RecruitmentEnterPrise;
			productReference = F74820441F91FCCA00F072CD /* RecruitmentEnterPrise.app */;
			productType = "com.apple.product-type.application";
		};
		F748205B1F91FCCA00F072CD /* RecruitmentEnterPriseTests */ = {
			isa = PBXNativeTarget;
			buildConfigurationList = F74820731F91FCCA00F072CD /* Build configuration list for PBXNativeTarget "RecruitmentEnterPriseTests" */;
			buildPhases = (
				F74820581F91FCCA00F072CD /* Sources */,
				F74820591F91FCCA00F072CD /* Frameworks */,
				F748205A1F91FCCA00F072CD /* Resources */,
			);
			buildRules = (
			);
			dependencies = (
				F748205E1F91FCCA00F072CD /* PBXTargetDependency */,
			);
			name = RecruitmentEnterPriseTests;
			productName = RecruitmentEnterPriseTests;
			productReference = F748205C1F91FCCA00F072CD /* RecruitmentEnterPriseTests.xctest */;
			productType = "com.apple.product-type.bundle.unit-test";
		};
		F74820661F91FCCA00F072CD /* RecruitmentEnterPriseUITests */ = {
			isa = PBXNativeTarget;
			buildConfigurationList = F74820761F91FCCA00F072CD /* Build configuration list for PBXNativeTarget "RecruitmentEnterPriseUITests" */;
			buildPhases = (
				F74820631F91FCCA00F072CD /* Sources */,
				F74820641F91FCCA00F072CD /* Frameworks */,
				F74820651F91FCCA00F072CD /* Resources */,
			);
			buildRules = (
			);
			dependencies = (
				F74820691F91FCCA00F072CD /* PBXTargetDependency */,
			);
			name = RecruitmentEnterPriseUITests;
			productName = RecruitmentEnterPriseUITests;
			productReference = F74820671F91FCCA00F072CD /* RecruitmentEnterPriseUITests.xctest */;
			productType = "com.apple.product-type.bundle.ui-testing";
		};
/* End PBXNativeTarget section */

/* Begin PBXProject section */
		F748203C1F91FCCA00F072CD /* Project object */ = {
			isa = PBXProject;
			attributes = {
				LastUpgradeCheck = 0900;
				ORGANIZATIONNAME = ZhangWeiLiang;
				TargetAttributes = {
					F74820431F91FCCA00F072CD = {
						CreatedOnToolsVersion = 9.0;
						ProvisioningStyle = Automatic;
					};
					F748205B1F91FCCA00F072CD = {
						CreatedOnToolsVersion = 9.0;
						ProvisioningStyle = Automatic;
						TestTargetID = F74820431F91FCCA00F072CD;
					};
					F74820661F91FCCA00F072CD = {
						CreatedOnToolsVersion = 9.0;
						ProvisioningStyle = Automatic;
						TestTargetID = F74820431F91FCCA00F072CD;
					};
				};
			};
			buildConfigurationList = F748203F1F91FCCA00F072CD /* Build configuration list for PBXProject "RecruitmentEnterPrise" */;
			compatibilityVersion = "Xcode 8.0";
			developmentRegion = en;
			hasScannedForEncodings = 0;
			knownRegions = (
				en,
				Base,
			);
			mainGroup = F748203B1F91FCCA00F072CD;
			productRefGroup = F74820451F91FCCA00F072CD /* Products */;
			projectDirPath = "";
			projectRoot = "";
			targets = (
				F74820431F91FCCA00F072CD /* RecruitmentEnterPrise */,
				F748205B1F91FCCA00F072CD /* RecruitmentEnterPriseTests */,
				F74820661F91FCCA00F072CD /* RecruitmentEnterPriseUITests */,
			);
		};
/* End PBXProject section */

/* Begin PBXResourcesBuildPhase section */
		F74820421F91FCCA00F072CD /* Resources */ = {
			isa = PBXResourcesBuildPhase;
			buildActionMask = 2147483647;
			files = (
				F74820541F91FCCA00F072CD /* LaunchScreen.storyboard in Resources */,
				F74820511F91FCCA00F072CD /* Assets.xcassets in Resources */,
				F748204F1F91FCCA00F072CD /* Main.storyboard in Resources */,
			);
			runOnlyForDeploymentPostprocessing = 0;
		};
		F748205A1F91FCCA00F072CD /* Resources */ = {
			isa = PBXResourcesBuildPhase;
			buildActionMask = 2147483647;
			files = (
			);
			runOnlyForDeploymentPostprocessing = 0;
		};
		F74820651F91FCCA00F072CD /* Resources */ = {
			isa = PBXResourcesBuildPhase;
			buildActionMask = 2147483647;
			files = (
			);
			runOnlyForDeploymentPostprocessing = 0;
		};
/* End PBXResourcesBuildPhase section */

/* Begin PBXSourcesBuildPhase section */
		F74820401F91FCCA00F072CD /* Sources */ = {
			isa = PBXSourcesBuildPhase;
			buildActionMask = 2147483647;
			files = (
				F748204C1F91FCCA00F072CD /* ViewController.m in Sources */,
				F74820571F91FCCA00F072CD /* main.m in Sources */,
				F74820491F91FCCA00F072CD /* AppDelegate.m in Sources */,
			);
			runOnlyForDeploymentPostprocessing = 0;
		};
		F74820581F91FCCA00F072CD /* Sources */ = {
			isa = PBXSourcesBuildPhase;
			buildActionMask = 2147483647;
			files = (
				F74820611F91FCCA00F072CD /* RecruitmentEnterPriseTests.m in Sources */,
			);
			runOnlyForDeploymentPostprocessing = 0;
		};
		F74820631F91FCCA00F072CD /* Sources */ = {
			isa = PBXSourcesBuildPhase;
			buildActionMask = 2147483647;
			files = (
				F748206C1F91FCCA00F072CD /* RecruitmentEnterPriseUITests.m in Sources */,
			);
			runOnlyForDeploymentPostprocessing = 0;
		};
/* End PBXSourcesBuildPhase section */

/* Begin PBXTargetDependency section */
		F748205E1F91FCCA00F072CD /* PBXTargetDependency */ = {
			isa = PBXTargetDependency;
			target = F74820431F91FCCA00F072CD /* RecruitmentEnterPrise */;
			targetProxy = F748205D1F91FCCA00F072CD /* PBXContainerItemProxy */;
		};
		F74820691F91FCCA00F072CD /* PBXTargetDependency */ = {
			isa = PBXTargetDependency;
			target = F74820431F91FCCA00F072CD /* RecruitmentEnterPrise */;
			targetProxy = F74820681F91FCCA00F072CD /* PBXContainerItemProxy */;
		};
/* End PBXTargetDependency section */

/* Begin PBXVariantGroup section */
		F748204D1F91FCCA00F072CD /* Main.storyboard */ = {
			isa = PBXVariantGroup;
			children = (
				F748204E1F91FCCA00F072CD /* Base */,
			);
			name = Main.storyboard;
			sourceTree = "<group>";
		};
		F74820521F91FCCA00F072CD /* LaunchScreen.storyboard */ = {
			isa = PBXVariantGroup;
			children = (
				F74820531F91FCCA00F072CD /* Base */,
			);
			name = LaunchScreen.storyboard;
			sourceTree = "<group>";
		};
/* End PBXVariantGroup section */

/* Begin XCBuildConfiguration section */
		F748206E1F91FCCA00F072CD /* Debug */ = {
			isa = XCBuildConfiguration;
			buildSettings = {
				ALWAYS_SEARCH_USER_PATHS = NO;
				CLANG_ANALYZER_NONNULL = YES;
				CLANG_ANALYZER_NUMBER_OBJECT_CONVERSION = YES_AGGRESSIVE;
				CLANG_CXX_LANGUAGE_STANDARD = "gnu++14";
				CLANG_CXX_LIBRARY = "libc++";
				CLANG_ENABLE_MODULES = YES;
				CLANG_ENABLE_OBJC_ARC = YES;
				CLANG_WARN_BLOCK_CAPTURE_AUTORELEASING = YES;
				CLANG_WARN_BOOL_CONVERSION = YES;
				CLANG_WARN_COMMA = YES;
				CLANG_WARN_CONSTANT_CONVERSION = YES;
				CLANG_WARN_DIRECT_OBJC_ISA_USAGE = YES_ERROR;
				CLANG_WARN_DOCUMENTATION_COMMENTS = YES;
				CLANG_WARN_EMPTY_BODY = YES;
				CLANG_WARN_ENUM_CONVERSION = YES;
				CLANG_WARN_INFINITE_RECURSION = YES;
				CLANG_WARN_INT_CONVERSION = YES;
				CLANG_WARN_NON_LITERAL_NULL_CONVERSION = YES;
				CLANG_WARN_OBJC_LITERAL_CONVERSION = YES;
				CLANG_WARN_OBJC_ROOT_CLASS = YES_ERROR;
				CLANG_WARN_RANGE_LOOP_ANALYSIS = YES;
				CLANG_WARN_STRICT_PROTOTYPES = YES;
				CLANG_WARN_SUSPICIOUS_MOVE = YES;
				CLANG_WARN_UNGUARDED_AVAILABILITY = YES_AGGRESSIVE;
				CLANG_WARN_UNREACHABLE_CODE = YES;
				CLANG_WARN__DUPLICATE_METHOD_MATCH = YES;
				CODE_SIGN_IDENTITY = "iPhone Developer";
				COPY_PHASE_STRIP = NO;
				DEBUG_INFORMATION_FORMAT = dwarf;
				ENABLE_STRICT_OBJC_MSGSEND = YES;
				ENABLE_TESTABILITY = YES;
				GCC_C_LANGUAGE_STANDARD = gnu11;
				GCC_DYNAMIC_NO_PIC = NO;
				GCC_NO_COMMON_BLOCKS = YES;
				GCC_OPTIMIZATION_LEVEL = 0;
				GCC_PREPROCESSOR_DEFINITIONS = (
					"DEBUG=1",
					"$(inherited)",
				);
				GCC_WARN_64_TO_32_BIT_CONVERSION = YES;
				GCC_WARN_ABOUT_RETURN_TYPE = YES_ERROR;
				GCC_WARN_UNDECLARED_SELECTOR = YES;
				GCC_WARN_UNINITIALIZED_AUTOS = YES_AGGRESSIVE;
				GCC_WARN_UNUSED_FUNCTION = YES;
				GCC_WARN_UNUSED_VARIABLE = YES;
				IPHONEOS_DEPLOYMENT_TARGET = 11.0;
				MTL_ENABLE_DEBUG_INFO = YES;
				ONLY_ACTIVE_ARCH = YES;
				SDKROOT = iphoneos;
			};
			name = Debug;
		};
		F748206F1F91FCCA00F072CD /* Release */ = {
			isa = XCBuildConfiguration;
			buildSettings = {
				ALWAYS_SEARCH_USER_PATHS = NO;
				CLANG_ANALYZER_NONNULL = YES;
				CLANG_ANALYZER_NUMBER_OBJECT_CONVERSION = YES_AGGRESSIVE;
				CLANG_CXX_LANGUAGE_STANDARD = "gnu++14";
				CLANG_CXX_LIBRARY = "libc++";
				CLANG_ENABLE_MODULES = YES;
				CLANG_ENABLE_OBJC_ARC = YES;
				CLANG_WARN_BLOCK_CAPTURE_AUTORELEASING = YES;
				CLANG_WARN_BOOL_CONVERSION = YES;
				CLANG_WARN_COMMA = YES;
				CLANG_WARN_CONSTANT_CONVERSION = YES;
				CLANG_WARN_DIRECT_OBJC_ISA_USAGE = YES_ERROR;
				CLANG_WARN_DOCUMENTATION_COMMENTS = YES;
				CLANG_WARN_EMPTY_BODY = YES;
				CLANG_WARN_ENUM_CONVERSION = YES;
				CLANG_WARN_INFINITE_RECURSION = YES;
				CLANG_WARN_INT_CONVERSION = YES;
				CLANG_WARN_NON_LITERAL_NULL_CONVERSION = YES;
				CLANG_WARN_OBJC_LITERAL_CONVERSION = YES;
				CLANG_WARN_OBJC_ROOT_CLASS = YES_ERROR;
				CLANG_WARN_RANGE_LOOP_ANALYSIS = YES;
				CLANG_WARN_STRICT_PROTOTYPES = YES;
				CLANG_WARN_SUSPICIOUS_MOVE = YES;
				CLANG_WARN_UNGUARDED_AVAILABILITY = YES_AGGRESSIVE;
				CLANG_WARN_UNREACHABLE_CODE = YES;
				CLANG_WARN__DUPLICATE_METHOD_MATCH = YES;
				CODE_SIGN_IDENTITY = "iPhone Developer";
				COPY_PHASE_STRIP = NO;
				DEBUG_INFORMATION_FORMAT = "dwarf-with-dsym";
				ENABLE_NS_ASSERTIONS = NO;
				ENABLE_STRICT_OBJC_MSGSEND = YES;
				GCC_C_LANGUAGE_STANDARD = gnu11;
				GCC_NO_COMMON_BLOCKS = YES;
				GCC_WARN_64_TO_32_BIT_CONVERSION = YES;
				GCC_WARN_ABOUT_RETURN_TYPE = YES_ERROR;
				GCC_WARN_UNDECLARED_SELECTOR = YES;
				GCC_WARN_UNINITIALIZED_AUTOS = YES_AGGRESSIVE;
				GCC_WARN_UNUSED_FUNCTION = YES;
				GCC_WARN_UNUSED_VARIABLE = YES;
				IPHONEOS_DEPLOYMENT_TARGET = 11.0;
				MTL_ENABLE_DEBUG_INFO = NO;
				SDKROOT = iphoneos;
				VALIDATE_PRODUCT = YES;
			};
			name = Release;
		};
		F74820711F91FCCA00F072CD /* Debug */ = {
			isa = XCBuildConfiguration;
			buildSettings = {
				ASSETCATALOG_COMPILER_APPICON_NAME = AppIcon;
				CODE_SIGN_STYLE = Automatic;
				DEVELOPMENT_TEAM = D59VU3JG9L;
				INFOPLIST_FILE = RecruitmentEnterPrise/Info.plist;
				IPHONEOS_DEPLOYMENT_TARGET = 8.0;
				LD_RUNPATH_SEARCH_PATHS = "$(inherited) @executable_path/Frameworks";
				PRODUCT_BUNDLE_IDENTIFIER = com.HongHu.RecruitmentEnterPrise;
				PRODUCT_NAME = "$(TARGET_NAME)";
				TARGETED_DEVICE_FAMILY = "1,2";
			};
			name = Debug;
		};
		F74820721F91FCCA00F072CD /* Release */ = {
			isa = XCBuildConfiguration;
			buildSettings = {
				ASSETCATALOG_COMPILER_APPICON_NAME = AppIcon;
				CODE_SIGN_STYLE = Automatic;
				DEVELOPMENT_TEAM = D59VU3JG9L;
				INFOPLIST_FILE = RecruitmentEnterPrise/Info.plist;
				IPHONEOS_DEPLOYMENT_TARGET = 8.0;
				LD_RUNPATH_SEARCH_PATHS = "$(inherited) @executable_path/Frameworks";
				PRODUCT_BUNDLE_IDENTIFIER = com.HongHu.RecruitmentEnterPrise;
				PRODUCT_NAME = "$(TARGET_NAME)";
				TARGETED_DEVICE_FAMILY = "1,2";
			};
			name = Release;
		};
		F74820741F91FCCA00F072CD /* Debug */ = {
			isa = XCBuildConfiguration;
			buildSettings = {
				BUNDLE_LOADER = "$(TEST_HOST)";
				CODE_SIGN_STYLE = Automatic;
				DEVELOPMENT_TEAM = D59VU3JG9L;
				INFOPLIST_FILE = RecruitmentEnterPriseTests/Info.plist;
				LD_RUNPATH_SEARCH_PATHS = "$(inherited) @executable_path/Frameworks @loader_path/Frameworks";
				PRODUCT_BUNDLE_IDENTIFIER = com.HongHu.RecruitmentEnterPriseTests;
				PRODUCT_NAME = "$(TARGET_NAME)";
				TARGETED_DEVICE_FAMILY = "1,2";
				TEST_HOST = "$(BUILT_PRODUCTS_DIR)/RecruitmentEnterPrise.app/RecruitmentEnterPrise";
			};
			name = Debug;
		};
		F74820751F91FCCA00F072CD /* Release */ = {
			isa = XCBuildConfiguration;
			buildSettings = {
				BUNDLE_LOADER = "$(TEST_HOST)";
				CODE_SIGN_STYLE = Automatic;
				DEVELOPMENT_TEAM = D59VU3JG9L;
				INFOPLIST_FILE = RecruitmentEnterPriseTests/Info.plist;
				LD_RUNPATH_SEARCH_PATHS = "$(inherited) @executable_path/Frameworks @loader_path/Frameworks";
				PRODUCT_BUNDLE_IDENTIFIER = com.HongHu.RecruitmentEnterPriseTests;
				PRODUCT_NAME = "$(TARGET_NAME)";
				TARGETED_DEVICE_FAMILY = "1,2";
				TEST_HOST = "$(BUILT_PRODUCTS_DIR)/RecruitmentEnterPrise.app/RecruitmentEnterPrise";
			};
			name = Release;
		};
		F74820771F91FCCA00F072CD /* Debug */ = {
			isa = XCBuildConfiguration;
			buildSettings = {
				CODE_SIGN_STYLE = Automatic;
				DEVELOPMENT_TEAM = D59VU3JG9L;
				INFOPLIST_FILE = RecruitmentEnterPriseUITests/Info.plist;
				LD_RUNPATH_SEARCH_PATHS = "$(inherited) @executable_path/Frameworks @loader_path/Frameworks";
				PRODUCT_BUNDLE_IDENTIFIER = com.HongHu.RecruitmentEnterPriseUITests;
				PRODUCT_NAME = "$(TARGET_NAME)";
				TARGETED_DEVICE_FAMILY = "1,2";
				TEST_TARGET_NAME = RecruitmentEnterPrise;
			};
			name = Debug;
		};
		F74820781F91FCCA00F072CD /* Release */ = {
			isa = XCBuildConfiguration;
			buildSettings = {
				CODE_SIGN_STYLE = Automatic;
				DEVELOPMENT_TEAM = D59VU3JG9L;
				INFOPLIST_FILE = RecruitmentEnterPriseUITests/Info.plist;
				LD_RUNPATH_SEARCH_PATHS = "$(inherited) @executable_path/Frameworks @loader_path/Frameworks";
				PRODUCT_BUNDLE_IDENTIFIER = com.HongHu.RecruitmentEnterPriseUITests;
				PRODUCT_NAME = "$(TARGET_NAME)";
				TARGETED_DEVICE_FAMILY = "1,2";
				TEST_TARGET_NAME = RecruitmentEnterPrise;
			};
			name = Release;
		};
/* End XCBuildConfiguration section */

/* Begin XCConfigurationList section */
		F748203F1F91FCCA00F072CD /* Build configuration list for PBXProject "RecruitmentEnterPrise" */ = {
			isa = XCConfigurationList;
			buildConfigurations = (
				F748206E1F91FCCA00F072CD /* Debug */,
				F748206F1F91FCCA00F072CD /* Release */,
			);
			defaultConfigurationIsVisible = 0;
			defaultConfigurationName = Release;
		};
		F74820701F91FCCA00F072CD /* Build configuration list for PBXNativeTarget "RecruitmentEnterPrise" */ = {
			isa = XCConfigurationList;
			buildConfigurations = (
				F74820711F91FCCA00F072CD /* Debug */,
				F74820721F91FCCA00F072CD /* Release */,
			);
			defaultConfigurationIsVisible = 0;
			defaultConfigurationName = Release;
		};
		F74820731F91FCCA00F072CD /* Build configuration list for PBXNativeTarget "RecruitmentEnterPriseTests" */ = {
			isa = XCConfigurationList;
			buildConfigurations = (
				F74820741F91FCCA00F072CD /* Debug */,
				F74820751F91FCCA00F072CD /* Release */,
			);
			defaultConfigurationIsVisible = 0;
			defaultConfigurationName = Release;
		};
		F74820761F91FCCA00F072CD /* Build configuration list for PBXNativeTarget "RecruitmentEnterPriseUITests" */ = {
			isa = XCConfigurationList;
			buildConfigurations = (
				F74820771F91FCCA00F072CD /* Debug */,
				F74820781F91FCCA00F072CD /* Release */,
			);
			defaultConfigurationIsVisible = 0;
			defaultConfigurationName = Release;
		};
/* End XCConfigurationList section */
	};
	rootObject = F748203C1F91FCCA00F072CD /* Project object */;
}
